// !$*UTF8*$!
{
	archiveVersion = 1;
	classes = {
	};
	objectVersion = 56;
	objects = {

/* Begin PBXBuildFile section */
		193E42502BFE5EA300D96A37 /* camera.swift in Sources */ = {isa = PBXBuildFile; fileRef = 193E424F2BFE5EA300D96A37 /* camera.swift */; };
		193E42512BFE71DF00D96A37 /* texture.swift in Sources */ = {isa = PBXBuildFile; fileRef = 19BBA7302BFC0C7100981204 /* texture.swift */; };
		193E42522BFE737F00D96A37 /* transform.swift in Sources */ = {isa = PBXBuildFile; fileRef = 19BBA7192BF7D32F00981204 /* transform.swift */; };
		193E42532BFE738F00D96A37 /* ray.swift in Sources */ = {isa = PBXBuildFile; fileRef = 19BBA7222BF82CE800981204 /* ray.swift */; };
		19BBA71A2BF7D32F00981204 /* transform.swift in Sources */ = {isa = PBXBuildFile; fileRef = 19BBA7192BF7D32F00981204 /* transform.swift */; };
		19BBA71D2BF7D3A400981204 /* matrix.swift in Sources */ = {isa = PBXBuildFile; fileRef = 19BBA71C2BF7D3A400981204 /* matrix.swift */; };
		19BBA71F2BF7D70800981204 /* mathError.swift in Sources */ = {isa = PBXBuildFile; fileRef = 19BBA71E2BF7D70800981204 /* mathError.swift */; };
		19BBA7232BF82CE800981204 /* ray.swift in Sources */ = {isa = PBXBuildFile; fileRef = 19BBA7222BF82CE800981204 /* ray.swift */; };
		19BBA7252BF97A9700981204 /* path.swift in Sources */ = {isa = PBXBuildFile; fileRef = 19BBA7242BF97A9700981204 /* path.swift */; };
		19BBA7272BF97AAA00981204 /* integrator.swift in Sources */ = {isa = PBXBuildFile; fileRef = 19BBA7262BF97AAA00981204 /* integrator.swift */; };
		19BBA72D2BFBB48100981204 /* utils.swift in Sources */ = {isa = PBXBuildFile; fileRef = 19BBA72C2BFBB48100981204 /* utils.swift */; };
		19BBA72F2BFC089A00981204 /* sampling.swift in Sources */ = {isa = PBXBuildFile; fileRef = 19BBA72E2BFC089A00981204 /* sampling.swift */; };
		19BBA7312BFC0C7100981204 /* texture.swift in Sources */ = {isa = PBXBuildFile; fileRef = 19BBA7302BFC0C7100981204 /* texture.swift */; };
		19BBA7332BFD4F0000981204 /* scene.swift in Sources */ = {isa = PBXBuildFile; fileRef = 19BBA7322BFD4F0000981204 /* scene.swift */; };
		19BBA73B2BFD531B00981204 /* swiftTracerTest.swift in Sources */ = {isa = PBXBuildFile; fileRef = 19BBA73A2BFD531B00981204 /* swiftTracerTest.swift */; };
		19BBA73F2BFD54C100981204 /* vector.swift in Sources */ = {isa = PBXBuildFile; fileRef = 19E808412B2B6F2600A37D37 /* vector.swift */; };
		19BBA7402BFD5AD600981204 /* matrix.swift in Sources */ = {isa = PBXBuildFile; fileRef = 19BBA71C2BF7D3A400981204 /* matrix.swift */; };
		19E8082F2B2B664400A37D37 /* render.swift in Sources */ = {isa = PBXBuildFile; fileRef = 19E8082E2B2B664400A37D37 /* render.swift */; };
		19E808392B2B698900A37D37 /* ArgumentParser in Frameworks */ = {isa = PBXBuildFile; productRef = 19E808382B2B698900A37D37 /* ArgumentParser */; };
		19E8083E2B2B6DE900A37D37 /* material.swift in Sources */ = {isa = PBXBuildFile; fileRef = 19E8083D2B2B6DE900A37D37 /* material.swift */; };
		19E808402B2B6E7000A37D37 /* diffuse.swift in Sources */ = {isa = PBXBuildFile; fileRef = 19E8083F2B2B6E7000A37D37 /* diffuse.swift */; };
		19E808422B2B6F2600A37D37 /* vector.swift in Sources */ = {isa = PBXBuildFile; fileRef = 19E808412B2B6F2600A37D37 /* vector.swift */; };
		19E808442B2B728C00A37D37 /* sphere.swift in Sources */ = {isa = PBXBuildFile; fileRef = 19E808432B2B728C00A37D37 /* sphere.swift */; };
		19E808462B2B729700A37D37 /* shape.swift in Sources */ = {isa = PBXBuildFile; fileRef = 19E808452B2B729700A37D37 /* shape.swift */; };
		19E808482B2B730600A37D37 /* aabb.swift in Sources */ = {isa = PBXBuildFile; fileRef = 19E808472B2B730600A37D37 /* aabb.swift */; };
		19EFB3B02BFE7A6A005CC488 /* material.swift in Sources */ = {isa = PBXBuildFile; fileRef = 19E8083D2B2B6DE900A37D37 /* material.swift */; };
		19EFB3B12BFE7A7A005CC488 /* diffuse.swift in Sources */ = {isa = PBXBuildFile; fileRef = 19E8083F2B2B6E7000A37D37 /* diffuse.swift */; };
		19EFB3B22BFE7B82005CC488 /* sampling.swift in Sources */ = {isa = PBXBuildFile; fileRef = 19BBA72E2BFC089A00981204 /* sampling.swift */; };
		19EFB3B32BFE7B92005CC488 /* utils.swift in Sources */ = {isa = PBXBuildFile; fileRef = 19BBA72C2BFBB48100981204 /* utils.swift */; };
		19EFB3B42BFFC5E5005CC488 /* shape.swift in Sources */ = {isa = PBXBuildFile; fileRef = 19E808452B2B729700A37D37 /* shape.swift */; };
		19EFB3B52BFFC5E9005CC488 /* sphere.swift in Sources */ = {isa = PBXBuildFile; fileRef = 19E808432B2B728C00A37D37 /* sphere.swift */; };
		19EFB3B62BFFC6B0005CC488 /* aabb.swift in Sources */ = {isa = PBXBuildFile; fileRef = 19E808472B2B730600A37D37 /* aabb.swift */; };
		19EFB3BA2C00EBCF005CC488 /* quad.swift in Sources */ = {isa = PBXBuildFile; fileRef = 19EFB3B92C00EBCF005CC488 /* quad.swift */; };
		19EFB3BC2C00EF44005CC488 /* mathTest.swift in Sources */ = {isa = PBXBuildFile; fileRef = 19EFB3BB2C00EF44005CC488 /* mathTest.swift */; };
		19EFB3BE2C00F63E005CC488 /* shapeGroup.swift in Sources */ = {isa = PBXBuildFile; fileRef = 19EFB3BD2C00F63E005CC488 /* shapeGroup.swift */; };
		19EFB3BF2C010440005CC488 /* quad.swift in Sources */ = {isa = PBXBuildFile; fileRef = 19EFB3B92C00EBCF005CC488 /* quad.swift */; };
		19EFB3C22C010833005CC488 /* sampler.swift in Sources */ = {isa = PBXBuildFile; fileRef = 19EFB3C12C010833005CC488 /* sampler.swift */; };
		19EFB3C42C01085F005CC488 /* independant.swift in Sources */ = {isa = PBXBuildFile; fileRef = 19EFB3C32C01085F005CC488 /* independant.swift */; };
		19EFB3C62C010CB8005CC488 /* array2d.swift in Sources */ = {isa = PBXBuildFile; fileRef = 19EFB3C52C010CB8005CC488 /* array2d.swift */; };
		19EFB3C82C0274D2005CC488 /* array2dTest.swift in Sources */ = {isa = PBXBuildFile; fileRef = 19EFB3C72C0274D2005CC488 /* array2dTest.swift */; };
		19EFB3C92C0274FD005CC488 /* array2d.swift in Sources */ = {isa = PBXBuildFile; fileRef = 19EFB3C52C010CB8005CC488 /* array2d.swift */; };
/* End PBXBuildFile section */

/* Begin PBXCopyFilesBuildPhase section */
		19E808292B2B664400A37D37 /* CopyFiles */ = {
			isa = PBXCopyFilesBuildPhase;
			buildActionMask = 2147483647;
			dstPath = /usr/share/man/man1/;
			dstSubfolderSpec = 0;
			files = (
			);
			runOnlyForDeploymentPostprocessing = 1;
		};
/* End PBXCopyFilesBuildPhase section */

/* Begin PBXFileReference section */
		193E424F2BFE5EA300D96A37 /* camera.swift */ = {isa = PBXFileReference; lastKnownFileType = sourcecode.swift; path = camera.swift; sourceTree = "<group>"; };
		19BBA7192BF7D32F00981204 /* transform.swift */ = {isa = PBXFileReference; lastKnownFileType = sourcecode.swift; path = transform.swift; sourceTree = "<group>"; };
		19BBA71C2BF7D3A400981204 /* matrix.swift */ = {isa = PBXFileReference; lastKnownFileType = sourcecode.swift; path = matrix.swift; sourceTree = "<group>"; };
		19BBA71E2BF7D70800981204 /* mathError.swift */ = {isa = PBXFileReference; lastKnownFileType = sourcecode.swift; path = mathError.swift; sourceTree = "<group>"; };
		19BBA7222BF82CE800981204 /* ray.swift */ = {isa = PBXFileReference; lastKnownFileType = sourcecode.swift; path = ray.swift; sourceTree = "<group>"; };
		19BBA7242BF97A9700981204 /* path.swift */ = {isa = PBXFileReference; lastKnownFileType = sourcecode.swift; path = path.swift; sourceTree = "<group>"; };
		19BBA7262BF97AAA00981204 /* integrator.swift */ = {isa = PBXFileReference; lastKnownFileType = sourcecode.swift; path = integrator.swift; sourceTree = "<group>"; };
		19BBA72C2BFBB48100981204 /* utils.swift */ = {isa = PBXFileReference; lastKnownFileType = sourcecode.swift; path = utils.swift; sourceTree = "<group>"; };
		19BBA72E2BFC089A00981204 /* sampling.swift */ = {isa = PBXFileReference; lastKnownFileType = sourcecode.swift; path = sampling.swift; sourceTree = "<group>"; };
		19BBA7302BFC0C7100981204 /* texture.swift */ = {isa = PBXFileReference; lastKnownFileType = sourcecode.swift; path = texture.swift; sourceTree = "<group>"; };
		19BBA7322BFD4F0000981204 /* scene.swift */ = {isa = PBXFileReference; lastKnownFileType = sourcecode.swift; path = scene.swift; sourceTree = "<group>"; };
		19BBA7382BFD531B00981204 /* SwiftTracerTest.xctest */ = {isa = PBXFileReference; explicitFileType = wrapper.cfbundle; includeInIndex = 0; path = SwiftTracerTest.xctest; sourceTree = BUILT_PRODUCTS_DIR; };
		19BBA73A2BFD531B00981204 /* swiftTracerTest.swift */ = {isa = PBXFileReference; lastKnownFileType = sourcecode.swift; path = swiftTracerTest.swift; sourceTree = "<group>"; };
		19E8082B2B2B664400A37D37 /* SwiftTracer */ = {isa = PBXFileReference; explicitFileType = "compiled.mach-o.executable"; includeInIndex = 0; path = SwiftTracer; sourceTree = BUILT_PRODUCTS_DIR; };
		19E8082E2B2B664400A37D37 /* render.swift */ = {isa = PBXFileReference; lastKnownFileType = sourcecode.swift; path = render.swift; sourceTree = "<group>"; };
		19E8083D2B2B6DE900A37D37 /* material.swift */ = {isa = PBXFileReference; lastKnownFileType = sourcecode.swift; path = material.swift; sourceTree = "<group>"; };
		19E8083F2B2B6E7000A37D37 /* diffuse.swift */ = {isa = PBXFileReference; lastKnownFileType = sourcecode.swift; path = diffuse.swift; sourceTree = "<group>"; };
		19E808412B2B6F2600A37D37 /* vector.swift */ = {isa = PBXFileReference; lastKnownFileType = sourcecode.swift; path = vector.swift; sourceTree = "<group>"; };
		19E808432B2B728C00A37D37 /* sphere.swift */ = {isa = PBXFileReference; lastKnownFileType = sourcecode.swift; path = sphere.swift; sourceTree = "<group>"; };
		19E808452B2B729700A37D37 /* shape.swift */ = {isa = PBXFileReference; lastKnownFileType = sourcecode.swift; path = shape.swift; sourceTree = "<group>"; };
		19E808472B2B730600A37D37 /* aabb.swift */ = {isa = PBXFileReference; lastKnownFileType = sourcecode.swift; path = aabb.swift; sourceTree = "<group>"; };
		19EFB3B92C00EBCF005CC488 /* quad.swift */ = {isa = PBXFileReference; lastKnownFileType = sourcecode.swift; path = quad.swift; sourceTree = "<group>"; };
		19EFB3BB2C00EF44005CC488 /* mathTest.swift */ = {isa = PBXFileReference; lastKnownFileType = sourcecode.swift; path = mathTest.swift; sourceTree = "<group>"; };
		19EFB3BD2C00F63E005CC488 /* shapeGroup.swift */ = {isa = PBXFileReference; lastKnownFileType = sourcecode.swift; path = shapeGroup.swift; sourceTree = "<group>"; };
		19EFB3C12C010833005CC488 /* sampler.swift */ = {isa = PBXFileReference; lastKnownFileType = sourcecode.swift; path = sampler.swift; sourceTree = "<group>"; };
		19EFB3C32C01085F005CC488 /* independant.swift */ = {isa = PBXFileReference; lastKnownFileType = sourcecode.swift; path = independant.swift; sourceTree = "<group>"; };
		19EFB3C52C010CB8005CC488 /* array2d.swift */ = {isa = PBXFileReference; lastKnownFileType = sourcecode.swift; path = array2d.swift; sourceTree = "<group>"; };
		19EFB3C72C0274D2005CC488 /* array2dTest.swift */ = {isa = PBXFileReference; lastKnownFileType = sourcecode.swift; path = array2dTest.swift; sourceTree = "<group>"; };
/* End PBXFileReference section */

/* Begin PBXFrameworksBuildPhase section */
		19BBA7352BFD531B00981204 /* Frameworks */ = {
			isa = PBXFrameworksBuildPhase;
			buildActionMask = 2147483647;
			files = (
			);
			runOnlyForDeploymentPostprocessing = 0;
		};
		19E808282B2B664400A37D37 /* Frameworks */ = {
			isa = PBXFrameworksBuildPhase;
			buildActionMask = 2147483647;
			files = (
				19E808392B2B698900A37D37 /* ArgumentParser in Frameworks */,
			);
			runOnlyForDeploymentPostprocessing = 0;
		};
/* End PBXFrameworksBuildPhase section */

/* Begin PBXGroup section */
		19BBA71B2BF7D35F00981204 /* math */ = {
			isa = PBXGroup;
			children = (
				19E808412B2B6F2600A37D37 /* vector.swift */,
				19BBA71C2BF7D3A400981204 /* matrix.swift */,
				19BBA71E2BF7D70800981204 /* mathError.swift */,
				19BBA72C2BFBB48100981204 /* utils.swift */,
				19BBA72E2BFC089A00981204 /* sampling.swift */,
			);
			path = math;
			sourceTree = "<group>";
		};
		19BBA7392BFD531B00981204 /* SwiftTracerTest */ = {
			isa = PBXGroup;
			children = (
				19BBA73A2BFD531B00981204 /* swiftTracerTest.swift */,
				19EFB3BB2C00EF44005CC488 /* mathTest.swift */,
				19EFB3C72C0274D2005CC488 /* array2dTest.swift */,
			);
			path = SwiftTracerTest;
			sourceTree = "<group>";
		};
		19E808222B2B664400A37D37 = {
			isa = PBXGroup;
			children = (
				19E8082D2B2B664400A37D37 /* SwiftTracer */,
				19BBA7392BFD531B00981204 /* SwiftTracerTest */,
				19E8082C2B2B664400A37D37 /* Products */,
			);
			sourceTree = "<group>";
		};
		19E8082C2B2B664400A37D37 /* Products */ = {
			isa = PBXGroup;
			children = (
				19E8082B2B2B664400A37D37 /* SwiftTracer */,
				19BBA7382BFD531B00981204 /* SwiftTracerTest.xctest */,
			);
			name = Products;
			sourceTree = "<group>";
		};
		19E8082D2B2B664400A37D37 /* SwiftTracer */ = {
			isa = PBXGroup;
			children = (
				19EFB3C02C010827005CC488 /* samplers */,
				19BBA71B2BF7D35F00981204 /* math */,
				19E8083C2B2B6DCA00A37D37 /* integrators */,
				19E8083B2B2B6DC300A37D37 /* shapes */,
				19E8083A2B2B6D9B00A37D37 /* materials */,
				19E8082E2B2B664400A37D37 /* render.swift */,
				19E808472B2B730600A37D37 /* aabb.swift */,
				19BBA7192BF7D32F00981204 /* transform.swift */,
				19BBA7222BF82CE800981204 /* ray.swift */,
				19BBA7302BFC0C7100981204 /* texture.swift */,
				19BBA7322BFD4F0000981204 /* scene.swift */,
				193E424F2BFE5EA300D96A37 /* camera.swift */,
				19EFB3C52C010CB8005CC488 /* array2d.swift */,
			);
			path = SwiftTracer;
			sourceTree = "<group>";
		};
		19E8083A2B2B6D9B00A37D37 /* materials */ = {
			isa = PBXGroup;
			children = (
				19E8083D2B2B6DE900A37D37 /* material.swift */,
				19E8083F2B2B6E7000A37D37 /* diffuse.swift */,
			);
			path = materials;
			sourceTree = "<group>";
		};
		19E8083B2B2B6DC300A37D37 /* shapes */ = {
			isa = PBXGroup;
			children = (
				19E808432B2B728C00A37D37 /* sphere.swift */,
				19E808452B2B729700A37D37 /* shape.swift */,
				19EFB3B92C00EBCF005CC488 /* quad.swift */,
				19EFB3BD2C00F63E005CC488 /* shapeGroup.swift */,
			);
			path = shapes;
			sourceTree = "<group>";
		};
		19E8083C2B2B6DCA00A37D37 /* integrators */ = {
			isa = PBXGroup;
			children = (
				19BBA7242BF97A9700981204 /* path.swift */,
				19BBA7262BF97AAA00981204 /* integrator.swift */,
			);
			path = integrators;
			sourceTree = "<group>";
		};
		19EFB3C02C010827005CC488 /* samplers */ = {
			isa = PBXGroup;
			children = (
				19EFB3C12C010833005CC488 /* sampler.swift */,
				19EFB3C32C01085F005CC488 /* independant.swift */,
			);
			path = samplers;
			sourceTree = "<group>";
		};
/* End PBXGroup section */

/* Begin PBXNativeTarget section */
		19BBA7372BFD531B00981204 /* SwiftTracerTest */ = {
			isa = PBXNativeTarget;
			buildConfigurationList = 19BBA73C2BFD531B00981204 /* Build configuration list for PBXNativeTarget "SwiftTracerTest" */;
			buildPhases = (
				19BBA7342BFD531B00981204 /* Sources */,
				19BBA7352BFD531B00981204 /* Frameworks */,
				19BBA7362BFD531B00981204 /* Resources */,
			);
			buildRules = (
			);
			dependencies = (
			);
			name = SwiftTracerTest;
			productName = SwiftTracerTest;
			productReference = 19BBA7382BFD531B00981204 /* SwiftTracerTest.xctest */;
			productType = "com.apple.product-type.bundle.unit-test";
		};
		19E8082A2B2B664400A37D37 /* SwiftTracer */ = {
			isa = PBXNativeTarget;
			buildConfigurationList = 19E808322B2B664400A37D37 /* Build configuration list for PBXNativeTarget "SwiftTracer" */;
			buildPhases = (
				19E808272B2B664400A37D37 /* Sources */,
				19E808282B2B664400A37D37 /* Frameworks */,
				19E808292B2B664400A37D37 /* CopyFiles */,
			);
			buildRules = (
			);
			dependencies = (
			);
			name = SwiftTracer;
			packageProductDependencies = (
				19E808382B2B698900A37D37 /* ArgumentParser */,
			);
			productName = SwiftTracer;
			productReference = 19E8082B2B2B664400A37D37 /* SwiftTracer */;
			productType = "com.apple.product-type.tool";
		};
/* End PBXNativeTarget section */

/* Begin PBXProject section */
		19E808232B2B664400A37D37 /* Project object */ = {
			isa = PBXProject;
			attributes = {
				BuildIndependentTargetsInParallel = 1;
				LastSwiftUpdateCheck = 1410;
				LastUpgradeCheck = 1410;
				TargetAttributes = {
					19BBA7372BFD531B00981204 = {
						CreatedOnToolsVersion = 14.1;
					};
					19E8082A2B2B664400A37D37 = {
						CreatedOnToolsVersion = 14.1;
					};
				};
			};
			buildConfigurationList = 19E808262B2B664400A37D37 /* Build configuration list for PBXProject "SwiftTracer" */;
			compatibilityVersion = "Xcode 14.0";
			developmentRegion = en;
			hasScannedForEncodings = 0;
			knownRegions = (
				en,
				Base,
			);
			mainGroup = 19E808222B2B664400A37D37;
			packageReferences = (
				19E808372B2B698900A37D37 /* XCRemoteSwiftPackageReference "swift-argument-parser" */,
			);
			productRefGroup = 19E8082C2B2B664400A37D37 /* Products */;
			projectDirPath = "";
			projectRoot = "";
			targets = (
				19E8082A2B2B664400A37D37 /* SwiftTracer */,
				19BBA7372BFD531B00981204 /* SwiftTracerTest */,
			);
		};
/* End PBXProject section */

/* Begin PBXResourcesBuildPhase section */
		19BBA7362BFD531B00981204 /* Resources */ = {
			isa = PBXResourcesBuildPhase;
			buildActionMask = 2147483647;
			files = (
			);
			runOnlyForDeploymentPostprocessing = 0;
		};
/* End PBXResourcesBuildPhase section */

/* Begin PBXSourcesBuildPhase section */
		19BBA7342BFD531B00981204 /* Sources */ = {
			isa = PBXSourcesBuildPhase;
			buildActionMask = 2147483647;
			files = (
				19EFB3C92C0274FD005CC488 /* array2d.swift in Sources */,
				19EFB3BF2C010440005CC488 /* quad.swift in Sources */,
				19EFB3C82C0274D2005CC488 /* array2dTest.swift in Sources */,
				19EFB3B62BFFC6B0005CC488 /* aabb.swift in Sources */,
				19EFB3B52BFFC5E9005CC488 /* sphere.swift in Sources */,
				19EFB3B42BFFC5E5005CC488 /* shape.swift in Sources */,
				19EFB3B32BFE7B92005CC488 /* utils.swift in Sources */,
				19EFB3B22BFE7B82005CC488 /* sampling.swift in Sources */,
				19EFB3BC2C00EF44005CC488 /* mathTest.swift in Sources */,
				19EFB3B12BFE7A7A005CC488 /* diffuse.swift in Sources */,
				19EFB3B02BFE7A6A005CC488 /* material.swift in Sources */,
				193E42532BFE738F00D96A37 /* ray.swift in Sources */,
				193E42522BFE737F00D96A37 /* transform.swift in Sources */,
				193E42512BFE71DF00D96A37 /* texture.swift in Sources */,
				19BBA7402BFD5AD600981204 /* matrix.swift in Sources */,
				19BBA73F2BFD54C100981204 /* vector.swift in Sources */,
				19BBA73B2BFD531B00981204 /* swiftTracerTest.swift in Sources */,
			);
			runOnlyForDeploymentPostprocessing = 0;
		};
		19E808272B2B664400A37D37 /* Sources */ = {
			isa = PBXSourcesBuildPhase;
			buildActionMask = 2147483647;
			files = (
				19EFB3C42C01085F005CC488 /* independant.swift in Sources */,
				19E808442B2B728C00A37D37 /* sphere.swift in Sources */,
				19E808462B2B729700A37D37 /* shape.swift in Sources */,
				19BBA7272BF97AAA00981204 /* integrator.swift in Sources */,
				19EFB3C22C010833005CC488 /* sampler.swift in Sources */,
				19EFB3BE2C00F63E005CC488 /* shapeGroup.swift in Sources */,
				19BBA71F2BF7D70800981204 /* mathError.swift in Sources */,
				19E8083E2B2B6DE900A37D37 /* material.swift in Sources */,
				19BBA72F2BFC089A00981204 /* sampling.swift in Sources */,
				19E808482B2B730600A37D37 /* aabb.swift in Sources */,
				19BBA72D2BFBB48100981204 /* utils.swift in Sources */,
				19E8082F2B2B664400A37D37 /* render.swift in Sources */,
				19E808422B2B6F2600A37D37 /* vector.swift in Sources */,
				19EFB3BA2C00EBCF005CC488 /* quad.swift in Sources */,
				19EFB3C62C010CB8005CC488 /* array2d.swift in Sources */,
				19BBA7312BFC0C7100981204 /* texture.swift in Sources */,
				193E42502BFE5EA300D96A37 /* camera.swift in Sources */,
				19BBA7232BF82CE800981204 /* ray.swift in Sources */,
				19BBA71D2BF7D3A400981204 /* matrix.swift in Sources */,
				19BBA71A2BF7D32F00981204 /* transform.swift in Sources */,
				19BBA7252BF97A9700981204 /* path.swift in Sources */,
				19E808402B2B6E7000A37D37 /* diffuse.swift in Sources */,
				19BBA7332BFD4F0000981204 /* scene.swift in Sources */,
			);
			runOnlyForDeploymentPostprocessing = 0;
		};
/* End PBXSourcesBuildPhase section */

/* Begin XCBuildConfiguration section */
		19BBA73D2BFD531B00981204 /* Debug */ = {
			isa = XCBuildConfiguration;
			buildSettings = {
				CODE_SIGN_STYLE = Automatic;
				CURRENT_PROJECT_VERSION = 1;
				GENERATE_INFOPLIST_FILE = YES;
				MARKETING_VERSION = 1.0;
				PRODUCT_BUNDLE_IDENTIFIER = com.fbp.SwiftTracerTest;
				PRODUCT_NAME = "$(TARGET_NAME)";
				SDKROOT = macosx;
				SWIFT_EMIT_LOC_STRINGS = NO;
				SWIFT_VERSION = 5.0;
				TARGETED_DEVICE_FAMILY = 3;
				TVOS_DEPLOYMENT_TARGET = 16.1;
			};
			name = Debug;
		};
		19BBA73E2BFD531B00981204 /* Release */ = {
			isa = XCBuildConfiguration;
			buildSettings = {
				CODE_SIGN_STYLE = Automatic;
				CURRENT_PROJECT_VERSION = 1;
				GENERATE_INFOPLIST_FILE = YES;
				MARKETING_VERSION = 1.0;
				PRODUCT_BUNDLE_IDENTIFIER = com.fbp.SwiftTracerTest;
				PRODUCT_NAME = "$(TARGET_NAME)";
				SDKROOT = macosx;
				SWIFT_EMIT_LOC_STRINGS = NO;
				SWIFT_VERSION = 5.0;
				TARGETED_DEVICE_FAMILY = 3;
				TVOS_DEPLOYMENT_TARGET = 16.1;
				VALIDATE_PRODUCT = YES;
			};
			name = Release;
		};
		19E808302B2B664400A37D37 /* Debug */ = {
			isa = XCBuildConfiguration;
			buildSettings = {
				ALWAYS_SEARCH_USER_PATHS = NO;
				CLANG_ANALYZER_NONNULL = YES;
				CLANG_ANALYZER_NUMBER_OBJECT_CONVERSION = YES_AGGRESSIVE;
				CLANG_CXX_LANGUAGE_STANDARD = "gnu++20";
				CLANG_ENABLE_MODULES = YES;
				CLANG_ENABLE_OBJC_ARC = YES;
				CLANG_ENABLE_OBJC_WEAK = YES;
				CLANG_WARN_BLOCK_CAPTURE_AUTORELEASING = YES;
				CLANG_WARN_BOOL_CONVERSION = YES;
				CLANG_WARN_COMMA = YES;
				CLANG_WARN_CONSTANT_CONVERSION = YES;
				CLANG_WARN_DEPRECATED_OBJC_IMPLEMENTATIONS = YES;
				CLANG_WARN_DIRECT_OBJC_ISA_USAGE = YES_ERROR;
				CLANG_WARN_DOCUMENTATION_COMMENTS = YES;
				CLANG_WARN_EMPTY_BODY = YES;
				CLANG_WARN_ENUM_CONVERSION = YES;
				CLANG_WARN_INFINITE_RECURSION = YES;
				CLANG_WARN_INT_CONVERSION = YES;
				CLANG_WARN_NON_LITERAL_NULL_CONVERSION = YES;
				CLANG_WARN_OBJC_IMPLICIT_RETAIN_SELF = YES;
				CLANG_WARN_OBJC_LITERAL_CONVERSION = YES;
				CLANG_WARN_OBJC_ROOT_CLASS = YES_ERROR;
				CLANG_WARN_QUOTED_INCLUDE_IN_FRAMEWORK_HEADER = YES;
				CLANG_WARN_RANGE_LOOP_ANALYSIS = YES;
				CLANG_WARN_STRICT_PROTOTYPES = YES;
				CLANG_WARN_SUSPICIOUS_MOVE = YES;
				CLANG_WARN_UNGUARDED_AVAILABILITY = YES_AGGRESSIVE;
				CLANG_WARN_UNREACHABLE_CODE = YES;
				CLANG_WARN__DUPLICATE_METHOD_MATCH = YES;
				COPY_PHASE_STRIP = NO;
				DEBUG_INFORMATION_FORMAT = dwarf;
				ENABLE_STRICT_OBJC_MSGSEND = YES;
				ENABLE_TESTABILITY = YES;
				GCC_C_LANGUAGE_STANDARD = gnu11;
				GCC_DYNAMIC_NO_PIC = NO;
				GCC_NO_COMMON_BLOCKS = YES;
				GCC_OPTIMIZATION_LEVEL = 0;
				GCC_PREPROCESSOR_DEFINITIONS = (
					"DEBUG=1",
					"$(inherited)",
				);
				GCC_WARN_64_TO_32_BIT_CONVERSION = YES;
				GCC_WARN_ABOUT_RETURN_TYPE = YES_ERROR;
				GCC_WARN_UNDECLARED_SELECTOR = YES;
				GCC_WARN_UNINITIALIZED_AUTOS = YES_AGGRESSIVE;
				GCC_WARN_UNUSED_FUNCTION = YES;
				GCC_WARN_UNUSED_VARIABLE = YES;
				MACOSX_DEPLOYMENT_TARGET = 13.0;
				MTL_ENABLE_DEBUG_INFO = INCLUDE_SOURCE;
				MTL_FAST_MATH = YES;
				ONLY_ACTIVE_ARCH = YES;
				SDKROOT = macosx;
				SWIFT_ACTIVE_COMPILATION_CONDITIONS = DEBUG;
				SWIFT_OPTIMIZATION_LEVEL = "-Onone";
			};
			name = Debug;
		};
		19E808312B2B664400A37D37 /* Release */ = {
			isa = XCBuildConfiguration;
			buildSettings = {
				ALWAYS_SEARCH_USER_PATHS = NO;
				CLANG_ANALYZER_NONNULL = YES;
				CLANG_ANALYZER_NUMBER_OBJECT_CONVERSION = YES_AGGRESSIVE;
				CLANG_CXX_LANGUAGE_STANDARD = "gnu++20";
				CLANG_ENABLE_MODULES = YES;
				CLANG_ENABLE_OBJC_ARC = YES;
				CLANG_ENABLE_OBJC_WEAK = YES;
				CLANG_WARN_BLOCK_CAPTURE_AUTORELEASING = YES;
				CLANG_WARN_BOOL_CONVERSION = YES;
				CLANG_WARN_COMMA = YES;
				CLANG_WARN_CONSTANT_CONVERSION = YES;
				CLANG_WARN_DEPRECATED_OBJC_IMPLEMENTATIONS = YES;
				CLANG_WARN_DIRECT_OBJC_ISA_USAGE = YES_ERROR;
				CLANG_WARN_DOCUMENTATION_COMMENTS = YES;
				CLANG_WARN_EMPTY_BODY = YES;
				CLANG_WARN_ENUM_CONVERSION = YES;
				CLANG_WARN_INFINITE_RECURSION = YES;
				CLANG_WARN_INT_CONVERSION = YES;
				CLANG_WARN_NON_LITERAL_NULL_CONVERSION = YES;
				CLANG_WARN_OBJC_IMPLICIT_RETAIN_SELF = YES;
				CLANG_WARN_OBJC_LITERAL_CONVERSION = YES;
				CLANG_WARN_OBJC_ROOT_CLASS = YES_ERROR;
				CLANG_WARN_QUOTED_INCLUDE_IN_FRAMEWORK_HEADER = YES;
				CLANG_WARN_RANGE_LOOP_ANALYSIS = YES;
				CLANG_WARN_STRICT_PROTOTYPES = YES;
				CLANG_WARN_SUSPICIOUS_MOVE = YES;
				CLANG_WARN_UNGUARDED_AVAILABILITY = YES_AGGRESSIVE;
				CLANG_WARN_UNREACHABLE_CODE = YES;
				CLANG_WARN__DUPLICATE_METHOD_MATCH = YES;
				COPY_PHASE_STRIP = NO;
				DEBUG_INFORMATION_FORMAT = "dwarf-with-dsym";
				ENABLE_NS_ASSERTIONS = NO;
				ENABLE_STRICT_OBJC_MSGSEND = YES;
				GCC_C_LANGUAGE_STANDARD = gnu11;
				GCC_NO_COMMON_BLOCKS = YES;
				GCC_WARN_64_TO_32_BIT_CONVERSION = YES;
				GCC_WARN_ABOUT_RETURN_TYPE = YES_ERROR;
				GCC_WARN_UNDECLARED_SELECTOR = YES;
				GCC_WARN_UNINITIALIZED_AUTOS = YES_AGGRESSIVE;
				GCC_WARN_UNUSED_FUNCTION = YES;
				GCC_WARN_UNUSED_VARIABLE = YES;
				MACOSX_DEPLOYMENT_TARGET = 13.0;
				MTL_ENABLE_DEBUG_INFO = NO;
				MTL_FAST_MATH = YES;
				SDKROOT = macosx;
				SWIFT_COMPILATION_MODE = wholemodule;
				SWIFT_OPTIMIZATION_LEVEL = "-O";
			};
			name = Release;
		};
		19E808332B2B664400A37D37 /* Debug */ = {
			isa = XCBuildConfiguration;
			buildSettings = {
				CODE_SIGN_STYLE = Automatic;
				PRODUCT_NAME = "$(TARGET_NAME)";
				SWIFT_VERSION = 5.0;
			};
			name = Debug;
		};
		19E808342B2B664400A37D37 /* Release */ = {
			isa = XCBuildConfiguration;
			buildSettings = {
				CODE_SIGN_STYLE = Automatic;
				PRODUCT_NAME = "$(TARGET_NAME)";
				SWIFT_VERSION = 5.0;
			};
			name = Release;
		};
/* End XCBuildConfiguration section */

/* Begin XCConfigurationList section */
		19BBA73C2BFD531B00981204 /* Build configuration list for PBXNativeTarget "SwiftTracerTest" */ = {
			isa = XCConfigurationList;
			buildConfigurations = (
				19BBA73D2BFD531B00981204 /* Debug */,
				19BBA73E2BFD531B00981204 /* Release */,
			);
			defaultConfigurationIsVisible = 0;
			defaultConfigurationName = Release;
		};
		19E808262B2B664400A37D37 /* Build configuration list for PBXProject "SwiftTracer" */ = {
			isa = XCConfigurationList;
			buildConfigurations = (
				19E808302B2B664400A37D37 /* Debug */,
				19E808312B2B664400A37D37 /* Release */,
			);
			defaultConfigurationIsVisible = 0;
			defaultConfigurationName = Release;
		};
		19E808322B2B664400A37D37 /* Build configuration list for PBXNativeTarget "SwiftTracer" */ = {
			isa = XCConfigurationList;
			buildConfigurations = (
				19E808332B2B664400A37D37 /* Debug */,
				19E808342B2B664400A37D37 /* Release */,
			);
			defaultConfigurationIsVisible = 0;
			defaultConfigurationName = Release;
		};
/* End XCConfigurationList section */

/* Begin XCRemoteSwiftPackageReference section */
		19E808372B2B698900A37D37 /* XCRemoteSwiftPackageReference "swift-argument-parser" */ = {
			isa = XCRemoteSwiftPackageReference;
			repositoryURL = "https://github.com/apple/swift-argument-parser.git";
			requirement = {
				kind = upToNextMajorVersion;
				minimumVersion = 1.0.0;
			};
		};
/* End XCRemoteSwiftPackageReference section */

/* Begin XCSwiftPackageProductDependency section */
		19E808382B2B698900A37D37 /* ArgumentParser */ = {
			isa = XCSwiftPackageProductDependency;
			package = 19E808372B2B698900A37D37 /* XCRemoteSwiftPackageReference "swift-argument-parser" */;
			productName = ArgumentParser;
		};
/* End XCSwiftPackageProductDependency section */
	};
	rootObject = 19E808232B2B664400A37D37 /* Project object */;
}
