// !$*UTF8*$!
{
	archiveVersion = 1;
	classes = {
	};
	objectVersion = 56;
	objects = {

/* Begin PBXBuildFile section */
		1917635E2C20E927007688D4 /* spot.swift in Sources */ = {isa = PBXBuildFile; fileRef = 1917635D2C20E927007688D4 /* spot.swift */; };
		193E42502BFE5EA300D96A37 /* camera.swift in Sources */ = {isa = PBXBuildFile; fileRef = 193E424F2BFE5EA300D96A37 /* camera.swift */; };
		193E42522BFE737F00D96A37 /* transform.swift in Sources */ = {isa = PBXBuildFile; fileRef = 19BBA7192BF7D32F00981204 /* transform.swift */; };
		193E42532BFE738F00D96A37 /* ray.swift in Sources */ = {isa = PBXBuildFile; fileRef = 19BBA7222BF82CE800981204 /* ray.swift */; };
		1944809A2CA8A5C1002A90C6 /* rng.swift in Sources */ = {isa = PBXBuildFile; fileRef = 194480992CA8A5C1002A90C6 /* rng.swift */; };
		1944809C2CA8AD30002A90C6 /* distribution.swift in Sources */ = {isa = PBXBuildFile; fileRef = 1944809B2CA8AD30002A90C6 /* distribution.swift */; };
		1944809F2CA8B0D5002A90C6 /* Algorithms in Frameworks */ = {isa = PBXBuildFile; productRef = 1944809E2CA8B0D5002A90C6 /* Algorithms */; };
		194480A12CA8C788002A90C6 /* rngTest.swift in Sources */ = {isa = PBXBuildFile; fileRef = 194480A02CA8C788002A90C6 /* rngTest.swift */; };
		194480A22CA8C7CE002A90C6 /* rng.swift in Sources */ = {isa = PBXBuildFile; fileRef = 194480992CA8A5C1002A90C6 /* rng.swift */; };
		194480A32CA8C835002A90C6 /* shape.swift in Sources */ = {isa = PBXBuildFile; fileRef = 19E808452B2B729700A37D37 /* shape.swift */; };
		194480A42CA8C86B002A90C6 /* sampler.swift in Sources */ = {isa = PBXBuildFile; fileRef = 19EFB3C12C010833005CC488 /* sampler.swift */; };
		194480A52CA8C87B002A90C6 /* scene.swift in Sources */ = {isa = PBXBuildFile; fileRef = 19BBA7322BFD4F0000981204 /* scene.swift */; };
		194480A62CA8C8A5002A90C6 /* sphere.swift in Sources */ = {isa = PBXBuildFile; fileRef = 19E808432B2B728C00A37D37 /* sphere.swift */; };
		194480A72CA8C8A8002A90C6 /* quad.swift in Sources */ = {isa = PBXBuildFile; fileRef = 19EFB3B92C00EBCF005CC488 /* quad.swift */; };
		194480A82CA8C8AA002A90C6 /* shapeGroup.swift in Sources */ = {isa = PBXBuildFile; fileRef = 19EFB3BD2C00F63E005CC488 /* shapeGroup.swift */; };
		194480A92CA8C8AC002A90C6 /* triangle.swift in Sources */ = {isa = PBXBuildFile; fileRef = 196ECD552C0B7FC30052DEA6 /* triangle.swift */; };
		194480AA2CA8C8AE002A90C6 /* mesh.swift in Sources */ = {isa = PBXBuildFile; fileRef = 196ECD572C0B80350052DEA6 /* mesh.swift */; };
		194480AB2CA8C8BE002A90C6 /* light.swift in Sources */ = {isa = PBXBuildFile; fileRef = 19E958982C1BD1AD00F63FA5 /* light.swift */; };
		194480AC2CA8C8C5002A90C6 /* material.swift in Sources */ = {isa = PBXBuildFile; fileRef = 19E8083D2B2B6DE900A37D37 /* material.swift */; };
		194480AD2CA8C8D8002A90C6 /* diffuse.swift in Sources */ = {isa = PBXBuildFile; fileRef = 19E8083F2B2B6E7000A37D37 /* diffuse.swift */; };
		194480AE2CA8C8DA002A90C6 /* metal.swift in Sources */ = {isa = PBXBuildFile; fileRef = 19C0A7102C08EECE00A7A0FD /* metal.swift */; };
		194480AF2CA8C8DC002A90C6 /* dielectric.swift in Sources */ = {isa = PBXBuildFile; fileRef = 19C0A7132C08F5EE00A7A0FD /* dielectric.swift */; };
		194480B02CA8C8DE002A90C6 /* blend.swift in Sources */ = {isa = PBXBuildFile; fileRef = 1999D08B2C10F37D00358201 /* blend.swift */; };
		194480B12CA8C8E0002A90C6 /* normalMap.swift in Sources */ = {isa = PBXBuildFile; fileRef = 1999D0A32C137BF900358201 /* normalMap.swift */; };
		194480B22CA8C8F7002A90C6 /* texture.swift in Sources */ = {isa = PBXBuildFile; fileRef = 19BBA7302BFC0C7100981204 /* texture.swift */; };
		194480B32CA8C900002A90C6 /* area.swift in Sources */ = {isa = PBXBuildFile; fileRef = 19C0A7172C08FB1B00A7A0FD /* area.swift */; };
		194480B42CA8C902002A90C6 /* point.swift in Sources */ = {isa = PBXBuildFile; fileRef = 19E958962C1BD19E00F63FA5 /* point.swift */; };
		194480B52CA8C905002A90C6 /* spot.swift in Sources */ = {isa = PBXBuildFile; fileRef = 1917635D2C20E927007688D4 /* spot.swift */; };
		194480B62CA8C907002A90C6 /* constantEnvironment.swift in Sources */ = {isa = PBXBuildFile; fileRef = 1986951E2C2F367A00EEF672 /* constantEnvironment.swift */; };
		194480B72CA8C912002A90C6 /* lightSampler.swift in Sources */ = {isa = PBXBuildFile; fileRef = 19E9589A2C1C8F1B00F63FA5 /* lightSampler.swift */; };
		194480B82CA8C914002A90C6 /* uniform.swift in Sources */ = {isa = PBXBuildFile; fileRef = 19E9589D2C1C907C00F63FA5 /* uniform.swift */; };
		194480B92CA8C91D002A90C6 /* integrator.swift in Sources */ = {isa = PBXBuildFile; fileRef = 19BBA7262BF97AAA00981204 /* integrator.swift */; };
		194480BA2CA8C920002A90C6 /* path.swift in Sources */ = {isa = PBXBuildFile; fileRef = 19BBA7242BF97A9700981204 /* path.swift */; };
		194480BB2CA8C922002A90C6 /* normal.swift in Sources */ = {isa = PBXBuildFile; fileRef = 19EFB3CC2C03FDDF005CC488 /* normal.swift */; };
		194480BC2CA8C924002A90C6 /* uv.swift in Sources */ = {isa = PBXBuildFile; fileRef = 1999D0512C0F853000358201 /* uv.swift */; };
		194480BD2CA8C926002A90C6 /* direct.swift in Sources */ = {isa = PBXBuildFile; fileRef = 1999D09F2C1361BB00358201 /* direct.swift */; };
		194480BE2CA8C928002A90C6 /* pssmlt.swift in Sources */ = {isa = PBXBuildFile; fileRef = 194D901D2C90D3B200D05F58 /* pssmlt.swift */; };
		194480C02CA8C937002A90C6 /* pssmltSampler.swift in Sources */ = {isa = PBXBuildFile; fileRef = 194D901F2C90D63400D05F58 /* pssmltSampler.swift */; };
		194480C12CA8C949002A90C6 /* independent.swift in Sources */ = {isa = PBXBuildFile; fileRef = 19EFB3C32C01085F005CC488 /* independent.swift */; };
		194480C22CA8C958002A90C6 /* distribution.swift in Sources */ = {isa = PBXBuildFile; fileRef = 1944809B2CA8AD30002A90C6 /* distribution.swift */; };
		194480C32CA8C9DF002A90C6 /* bvh.swift in Sources */ = {isa = PBXBuildFile; fileRef = 19C0A70E2C06AA8400A7A0FD /* bvh.swift */; };
		194480C52CA8CA0C002A90C6 /* SwiftWavefront in Frameworks */ = {isa = PBXBuildFile; productRef = 194480C42CA8CA0C002A90C6 /* SwiftWavefront */; };
		194480C72CA8CA22002A90C6 /* Progress in Frameworks */ = {isa = PBXBuildFile; productRef = 194480C62CA8CA22002A90C6 /* Progress */; };
		194480C92CA8CA38002A90C6 /* Algorithms in Frameworks */ = {isa = PBXBuildFile; productRef = 194480C82CA8CA38002A90C6 /* Algorithms */; };
		194D901E2C90D3B200D05F58 /* pssmlt.swift in Sources */ = {isa = PBXBuildFile; fileRef = 194D901D2C90D3B200D05F58 /* pssmlt.swift */; };
		194D90202C90D63400D05F58 /* pssmltSampler.swift in Sources */ = {isa = PBXBuildFile; fileRef = 194D901F2C90D63400D05F58 /* pssmltSampler.swift */; };
		196094BD2CB2FD7F009FDAC4 /* cornelBoxPssmlt.json in CopyFiles */ = {isa = PBXBuildFile; fileRef = 196094BC2CB2FD7F009FDAC4 /* cornelBoxPssmlt.json */; };
		196094BF2CB46638009FDAC4 /* gdmlt.swift in Sources */ = {isa = PBXBuildFile; fileRef = 196094BE2CB46636009FDAC4 /* gdmlt.swift */; };
		196094C02CB46638009FDAC4 /* gdmlt.swift in Sources */ = {isa = PBXBuildFile; fileRef = 196094BE2CB46636009FDAC4 /* gdmlt.swift */; };
		19694BDA2C0E2012007AD6A4 /* camera.swift in Sources */ = {isa = PBXBuildFile; fileRef = 193E424F2BFE5EA300D96A37 /* camera.swift */; };
		196ECD562C0B7FC30052DEA6 /* triangle.swift in Sources */ = {isa = PBXBuildFile; fileRef = 196ECD552C0B7FC30052DEA6 /* triangle.swift */; };
		196ECD582C0B80350052DEA6 /* mesh.swift in Sources */ = {isa = PBXBuildFile; fileRef = 196ECD572C0B80350052DEA6 /* mesh.swift */; };
		19737CED2C27457900F49204 /* SwiftWavefront in Frameworks */ = {isa = PBXBuildFile; productRef = 19737CEC2C27457900F49204 /* SwiftWavefront */; };
		19737CF12C2B478D00F49204 /* Documentation.docc in Sources */ = {isa = PBXBuildFile; fileRef = 19737CF02C2B478D00F49204 /* Documentation.docc */; };
		1982F6B32C9B8757000FF286 /* PNG in Frameworks */ = {isa = PBXBuildFile; productRef = 1982F6B22C9B8757000FF286 /* PNG */; };
		1982F6B52C9B9A17000FF286 /* sun.png in Resources */ = {isa = PBXBuildFile; fileRef = 1982F6B42C9B9A17000FF286 /* sun.png */; };
		1982F6B62C9B9A59000FF286 /* sun.png in CopyFiles */ = {isa = PBXBuildFile; fileRef = 1982F6B42C9B9A17000FF286 /* sun.png */; };
		1982F6BB2C9BA2B9000FF286 /* chest_rough.png in Resources */ = {isa = PBXBuildFile; fileRef = 1982F6B72C9BA2B9000FF286 /* chest_rough.png */; };
		1982F6BC2C9BA2B9000FF286 /* chest_blend.png in Resources */ = {isa = PBXBuildFile; fileRef = 1982F6B82C9BA2B9000FF286 /* chest_blend.png */; };
		1982F6BD2C9BA2B9000FF286 /* chest_normal.png in Resources */ = {isa = PBXBuildFile; fileRef = 1982F6B92C9BA2B9000FF286 /* chest_normal.png */; };
		1982F6BE2C9BA2B9000FF286 /* chest_albedo.png in Resources */ = {isa = PBXBuildFile; fileRef = 1982F6BA2C9BA2B9000FF286 /* chest_albedo.png */; };
		1982F6BF2C9BA2D1000FF286 /* chest_rough.png in CopyFiles */ = {isa = PBXBuildFile; fileRef = 1982F6B72C9BA2B9000FF286 /* chest_rough.png */; };
		1982F6C02C9BA2D4000FF286 /* chest_normal.png in CopyFiles */ = {isa = PBXBuildFile; fileRef = 1982F6B92C9BA2B9000FF286 /* chest_normal.png */; };
		1982F6C12C9BA2D6000FF286 /* chest_blend.png in CopyFiles */ = {isa = PBXBuildFile; fileRef = 1982F6B82C9BA2B9000FF286 /* chest_blend.png */; };
		1982F6C22C9BA2D9000FF286 /* chest_albedo.png in CopyFiles */ = {isa = PBXBuildFile; fileRef = 1982F6BA2C9BA2B9000FF286 /* chest_albedo.png */; };
		1986951F2C2F367A00EEF672 /* constantEnvironment.swift in Sources */ = {isa = PBXBuildFile; fileRef = 1986951E2C2F367A00EEF672 /* constantEnvironment.swift */; };
		1999D04D2C0E3F5900358201 /* teapot.obj in CopyFiles */ = {isa = PBXBuildFile; fileRef = 1999D0462C0E3F5200358201 /* teapot.obj */; };
		1999D0502C0E48F400358201 /* cube.obj in CopyFiles */ = {isa = PBXBuildFile; fileRef = 1999D04F2C0E48C500358201 /* cube.obj */; };
		1999D0522C0F853000358201 /* uv.swift in Sources */ = {isa = PBXBuildFile; fileRef = 1999D0512C0F853000358201 /* uv.swift */; };
		1999D0592C0F8A4100358201 /* dragon.obj in CopyFiles */ = {isa = PBXBuildFile; fileRef = 1999D0572C0F8A3600358201 /* dragon.obj */; };
		1999D05A2C0F8A4100358201 /* buddha.obj in CopyFiles */ = {isa = PBXBuildFile; fileRef = 1999D0532C0F8A3100358201 /* buddha.obj */; };
		1999D05B2C0F8A4100358201 /* bunny.obj in CopyFiles */ = {isa = PBXBuildFile; fileRef = 1999D0542C0F8A3100358201 /* bunny.obj */; };
		1999D0612C0FE01400358201 /* simple.json in CopyFiles */ = {isa = PBXBuildFile; fileRef = 1999D05F2C0FDF7D00358201 /* simple.json */; };
		1999D06C2C0FE16F00358201 /* threeSpheres.json in CopyFiles */ = {isa = PBXBuildFile; fileRef = 1999D0622C0FE0A100358201 /* threeSpheres.json */; };
		1999D06D2C0FE16F00358201 /* teapot.json in CopyFiles */ = {isa = PBXBuildFile; fileRef = 1999D0642C0FE0EB00358201 /* teapot.json */; };
		1999D06E2C0FE16F00358201 /* triangle.json in CopyFiles */ = {isa = PBXBuildFile; fileRef = 1999D0662C0FE10B00358201 /* triangle.json */; };
		1999D06F2C0FE16F00358201 /* cornelBox.json in CopyFiles */ = {isa = PBXBuildFile; fileRef = 1999D06A2C0FE15200358201 /* cornelBox.json */; };
		1999D0762C0FEF7200358201 /* xctest.png in Resources */ = {isa = PBXBuildFile; fileRef = 1999D0702C0FEC7700358201 /* xctest.png */; };
		1999D0792C0FF68E00358201 /* roughness.json in CopyFiles */ = {isa = PBXBuildFile; fileRef = 1999D0772C0FF52100358201 /* roughness.json */; };
		1999D07C2C1003A100358201 /* Progress in Frameworks */ = {isa = PBXBuildFile; productRef = 1999D07B2C1003A100358201 /* Progress */; };
		1999D0812C100A6C00358201 /* checkerboardXY.json in CopyFiles */ = {isa = PBXBuildFile; fileRef = 1999D07F2C100A1A00358201 /* checkerboardXY.json */; };
		1999D0842C10E71E00358201 /* textures.json in CopyFiles */ = {isa = PBXBuildFile; fileRef = 1999D0822C10E61D00358201 /* textures.json */; };
		1999D08A2C10E8F500358201 /* uv-texture.png in CopyFiles */ = {isa = PBXBuildFile; fileRef = 1999D0852C10E8EF00358201 /* uv-texture.png */; };
		1999D08C2C10F37D00358201 /* blend.swift in Sources */ = {isa = PBXBuildFile; fileRef = 1999D08B2C10F37D00358201 /* blend.swift */; };
		1999D0972C1246B700358201 /* blend.json in CopyFiles */ = {isa = PBXBuildFile; fileRef = 1999D08D2C12443800358201 /* blend.json */; };
		1999D09E2C12490400358201 /* chest.obj in CopyFiles */ = {isa = PBXBuildFile; fileRef = 1999D09C2C1248F800358201 /* chest.obj */; };
		1999D0A02C1361BB00358201 /* direct.swift in Sources */ = {isa = PBXBuildFile; fileRef = 1999D09F2C1361BB00358201 /* direct.swift */; };
		1999D0A42C137BF900358201 /* normalMap.swift in Sources */ = {isa = PBXBuildFile; fileRef = 1999D0A32C137BF900358201 /* normalMap.swift */; };
		1999D0A62C1615EE00358201 /* direct.json in CopyFiles */ = {isa = PBXBuildFile; fileRef = 1999D0A12C136D4100358201 /* direct.json */; };
		1999D0A72C1615EE00358201 /* metal_normals.exr in CopyFiles */ = {isa = PBXBuildFile; fileRef = 1999D0A52C1615E300358201 /* metal_normals.exr */; };
		1999D0B22C1797A000358201 /* main.swift in Sources */ = {isa = PBXBuildFile; fileRef = 1999D0B12C1797A000358201 /* main.swift */; };
		1999D0B72C1797D400358201 /* utils.swift in Sources */ = {isa = PBXBuildFile; fileRef = 19BBA72C2BFBB48100981204 /* utils.swift */; };
		1999D0B82C1797DC00358201 /* array2d.swift in Sources */ = {isa = PBXBuildFile; fileRef = 19EFB3C52C010CB8005CC488 /* array2d.swift */; };
		1999D0BB2C1798FA00358201 /* metal.json in CopyFiles */ = {isa = PBXBuildFile; fileRef = 1999D0BA2C17987F00358201 /* metal.json */; };
		1999D0BC2C17996800358201 /* vector.swift in Sources */ = {isa = PBXBuildFile; fileRef = 19E808412B2B6F2600A37D37 /* vector.swift */; };
		1999D0BD2C179E8600358201 /* material.swift in Sources */ = {isa = PBXBuildFile; fileRef = 19E8083D2B2B6DE900A37D37 /* material.swift */; };
		1999D0BE2C179F1B00358201 /* sampler.swift in Sources */ = {isa = PBXBuildFile; fileRef = 19EFB3C12C010833005CC488 /* sampler.swift */; };
		1999D0BF2C179F8E00358201 /* independent.swift in Sources */ = {isa = PBXBuildFile; fileRef = 19EFB3C32C01085F005CC488 /* independent.swift */; };
		1999D0C02C17A05500358201 /* scene.swift in Sources */ = {isa = PBXBuildFile; fileRef = 19BBA7322BFD4F0000981204 /* scene.swift */; };
		1999D0C12C17A06000358201 /* shape.swift in Sources */ = {isa = PBXBuildFile; fileRef = 19E808452B2B729700A37D37 /* shape.swift */; };
		1999D0C22C17A06500358201 /* camera.swift in Sources */ = {isa = PBXBuildFile; fileRef = 193E424F2BFE5EA300D96A37 /* camera.swift */; };
		1999D0C32C17A07000358201 /* aabb.swift in Sources */ = {isa = PBXBuildFile; fileRef = 19E808472B2B730600A37D37 /* aabb.swift */; };
		1999D0C42C17A07500358201 /* ray.swift in Sources */ = {isa = PBXBuildFile; fileRef = 19BBA7222BF82CE800981204 /* ray.swift */; };
		1999D0C52C17A07D00358201 /* shapeGroup.swift in Sources */ = {isa = PBXBuildFile; fileRef = 19EFB3BD2C00F63E005CC488 /* shapeGroup.swift */; };
		1999D0C62C17A08100358201 /* bvh.swift in Sources */ = {isa = PBXBuildFile; fileRef = 19C0A70E2C06AA8400A7A0FD /* bvh.swift */; };
		1999D0C72C17A08900358201 /* transform.swift in Sources */ = {isa = PBXBuildFile; fileRef = 19BBA7192BF7D32F00981204 /* transform.swift */; };
		1999D0C82C17A08E00358201 /* matrix.swift in Sources */ = {isa = PBXBuildFile; fileRef = 19BBA71C2BF7D3A400981204 /* matrix.swift */; };
		1999D0C92C17A09400358201 /* sphere.swift in Sources */ = {isa = PBXBuildFile; fileRef = 19E808432B2B728C00A37D37 /* sphere.swift */; };
		1999D0CA2C17A09C00358201 /* mesh.swift in Sources */ = {isa = PBXBuildFile; fileRef = 196ECD572C0B80350052DEA6 /* mesh.swift */; };
		1999D0CB2C17A0A300358201 /* quad.swift in Sources */ = {isa = PBXBuildFile; fileRef = 19EFB3B92C00EBCF005CC488 /* quad.swift */; };
		1999D0CC2C17A0A600358201 /* triangle.swift in Sources */ = {isa = PBXBuildFile; fileRef = 196ECD552C0B7FC30052DEA6 /* triangle.swift */; };
		1999D0CD2C17A0CC00358201 /* sampling.swift in Sources */ = {isa = PBXBuildFile; fileRef = 19BBA72E2BFC089A00981204 /* sampling.swift */; };
		1999D0CE2C17A0D900358201 /* texture.swift in Sources */ = {isa = PBXBuildFile; fileRef = 19BBA7302BFC0C7100981204 /* texture.swift */; };
		1999D0CF2C17A0E200358201 /* diffuse.swift in Sources */ = {isa = PBXBuildFile; fileRef = 19E8083F2B2B6E7000A37D37 /* diffuse.swift */; };
		1999D0D02C17A0E500358201 /* metal.swift in Sources */ = {isa = PBXBuildFile; fileRef = 19C0A7102C08EECE00A7A0FD /* metal.swift */; };
		1999D0D12C17A0EA00358201 /* dielectric.swift in Sources */ = {isa = PBXBuildFile; fileRef = 19C0A7132C08F5EE00A7A0FD /* dielectric.swift */; };
		1999D0D32C17A11600358201 /* area.swift in Sources */ = {isa = PBXBuildFile; fileRef = 19C0A7172C08FB1B00A7A0FD /* area.swift */; };
		1999D0D42C17A11D00358201 /* normalMap.swift in Sources */ = {isa = PBXBuildFile; fileRef = 1999D0A32C137BF900358201 /* normalMap.swift */; };
		1999D0D52C17A12200358201 /* blend.swift in Sources */ = {isa = PBXBuildFile; fileRef = 1999D08B2C10F37D00358201 /* blend.swift */; };
		1999D0D62C17A24B00358201 /* image.swift in Sources */ = {isa = PBXBuildFile; fileRef = 19EFB3CA2C03B88B005CC488 /* image.swift */; };
		1999D0D92C17AC2F00358201 /* Progress in Frameworks */ = {isa = PBXBuildFile; productRef = 1999D0D82C17AC2F00358201 /* Progress */; };
		19BBA71A2BF7D32F00981204 /* transform.swift in Sources */ = {isa = PBXBuildFile; fileRef = 19BBA7192BF7D32F00981204 /* transform.swift */; };
		19BBA71D2BF7D3A400981204 /* matrix.swift in Sources */ = {isa = PBXBuildFile; fileRef = 19BBA71C2BF7D3A400981204 /* matrix.swift */; };
		19BBA7232BF82CE800981204 /* ray.swift in Sources */ = {isa = PBXBuildFile; fileRef = 19BBA7222BF82CE800981204 /* ray.swift */; };
		19BBA7252BF97A9700981204 /* path.swift in Sources */ = {isa = PBXBuildFile; fileRef = 19BBA7242BF97A9700981204 /* path.swift */; };
		19BBA7272BF97AAA00981204 /* integrator.swift in Sources */ = {isa = PBXBuildFile; fileRef = 19BBA7262BF97AAA00981204 /* integrator.swift */; };
		19BBA72D2BFBB48100981204 /* utils.swift in Sources */ = {isa = PBXBuildFile; fileRef = 19BBA72C2BFBB48100981204 /* utils.swift */; };
		19BBA72F2BFC089A00981204 /* sampling.swift in Sources */ = {isa = PBXBuildFile; fileRef = 19BBA72E2BFC089A00981204 /* sampling.swift */; };
		19BBA7312BFC0C7100981204 /* texture.swift in Sources */ = {isa = PBXBuildFile; fileRef = 19BBA7302BFC0C7100981204 /* texture.swift */; };
		19BBA7332BFD4F0000981204 /* scene.swift in Sources */ = {isa = PBXBuildFile; fileRef = 19BBA7322BFD4F0000981204 /* scene.swift */; };
		19BBA73F2BFD54C100981204 /* vector.swift in Sources */ = {isa = PBXBuildFile; fileRef = 19E808412B2B6F2600A37D37 /* vector.swift */; };
		19BBA7402BFD5AD600981204 /* matrix.swift in Sources */ = {isa = PBXBuildFile; fileRef = 19BBA71C2BF7D3A400981204 /* matrix.swift */; };
		19C0A70F2C06AA8400A7A0FD /* bvh.swift in Sources */ = {isa = PBXBuildFile; fileRef = 19C0A70E2C06AA8400A7A0FD /* bvh.swift */; };
		19C0A7112C08EECE00A7A0FD /* metal.swift in Sources */ = {isa = PBXBuildFile; fileRef = 19C0A7102C08EECE00A7A0FD /* metal.swift */; };
		19C0A7142C08F5EE00A7A0FD /* dielectric.swift in Sources */ = {isa = PBXBuildFile; fileRef = 19C0A7132C08F5EE00A7A0FD /* dielectric.swift */; };
		19C0A7182C08FB1B00A7A0FD /* area.swift in Sources */ = {isa = PBXBuildFile; fileRef = 19C0A7172C08FB1B00A7A0FD /* area.swift */; };
		19E8082F2B2B664400A37D37 /* render.swift in Sources */ = {isa = PBXBuildFile; fileRef = 19E8082E2B2B664400A37D37 /* render.swift */; };
		19E808392B2B698900A37D37 /* ArgumentParser in Frameworks */ = {isa = PBXBuildFile; productRef = 19E808382B2B698900A37D37 /* ArgumentParser */; };
		19E8083E2B2B6DE900A37D37 /* material.swift in Sources */ = {isa = PBXBuildFile; fileRef = 19E8083D2B2B6DE900A37D37 /* material.swift */; };
		19E808402B2B6E7000A37D37 /* diffuse.swift in Sources */ = {isa = PBXBuildFile; fileRef = 19E8083F2B2B6E7000A37D37 /* diffuse.swift */; };
		19E808422B2B6F2600A37D37 /* vector.swift in Sources */ = {isa = PBXBuildFile; fileRef = 19E808412B2B6F2600A37D37 /* vector.swift */; };
		19E808442B2B728C00A37D37 /* sphere.swift in Sources */ = {isa = PBXBuildFile; fileRef = 19E808432B2B728C00A37D37 /* sphere.swift */; };
		19E808462B2B729700A37D37 /* shape.swift in Sources */ = {isa = PBXBuildFile; fileRef = 19E808452B2B729700A37D37 /* shape.swift */; };
		19E808482B2B730600A37D37 /* aabb.swift in Sources */ = {isa = PBXBuildFile; fileRef = 19E808472B2B730600A37D37 /* aabb.swift */; };
		19E9588F2C1B90E800F63FA5 /* test.json in CopyFiles */ = {isa = PBXBuildFile; fileRef = 19E958852C1B905900F63FA5 /* test.json */; };
		19E958902C1B90E800F63FA5 /* mitsuba_mat0.obj in CopyFiles */ = {isa = PBXBuildFile; fileRef = 19E9588A2C1B90D900F63FA5 /* mitsuba_mat0.obj */; };
		19E958912C1B90E800F63FA5 /* mitsuba_mat1.obj in CopyFiles */ = {isa = PBXBuildFile; fileRef = 19E958892C1B90D900F63FA5 /* mitsuba_mat1.obj */; };
		19E958922C1B90E800F63FA5 /* mitsuba_mat2.obj in CopyFiles */ = {isa = PBXBuildFile; fileRef = 19E958882C1B90D900F63FA5 /* mitsuba_mat2.obj */; };
		19E958932C1B90E800F63FA5 /* Plane_mat0.obj in CopyFiles */ = {isa = PBXBuildFile; fileRef = 19E958872C1B90D900F63FA5 /* Plane_mat0.obj */; };
		19E958972C1BD19E00F63FA5 /* point.swift in Sources */ = {isa = PBXBuildFile; fileRef = 19E958962C1BD19E00F63FA5 /* point.swift */; };
		19E958992C1BD1AD00F63FA5 /* light.swift in Sources */ = {isa = PBXBuildFile; fileRef = 19E958982C1BD1AD00F63FA5 /* light.swift */; };
		19E9589B2C1C8F1B00F63FA5 /* lightSampler.swift in Sources */ = {isa = PBXBuildFile; fileRef = 19E9589A2C1C8F1B00F63FA5 /* lightSampler.swift */; };
		19E9589E2C1C907C00F63FA5 /* uniform.swift in Sources */ = {isa = PBXBuildFile; fileRef = 19E9589D2C1C907C00F63FA5 /* uniform.swift */; };
		19EFB3B22BFE7B82005CC488 /* sampling.swift in Sources */ = {isa = PBXBuildFile; fileRef = 19BBA72E2BFC089A00981204 /* sampling.swift */; };
		19EFB3B32BFE7B92005CC488 /* utils.swift in Sources */ = {isa = PBXBuildFile; fileRef = 19BBA72C2BFBB48100981204 /* utils.swift */; };
		19EFB3B62BFFC6B0005CC488 /* aabb.swift in Sources */ = {isa = PBXBuildFile; fileRef = 19E808472B2B730600A37D37 /* aabb.swift */; };
		19EFB3BA2C00EBCF005CC488 /* quad.swift in Sources */ = {isa = PBXBuildFile; fileRef = 19EFB3B92C00EBCF005CC488 /* quad.swift */; };
		19EFB3BC2C00EF44005CC488 /* mathTest.swift in Sources */ = {isa = PBXBuildFile; fileRef = 19EFB3BB2C00EF44005CC488 /* mathTest.swift */; };
		19EFB3BE2C00F63E005CC488 /* shapeGroup.swift in Sources */ = {isa = PBXBuildFile; fileRef = 19EFB3BD2C00F63E005CC488 /* shapeGroup.swift */; };
		19EFB3C22C010833005CC488 /* sampler.swift in Sources */ = {isa = PBXBuildFile; fileRef = 19EFB3C12C010833005CC488 /* sampler.swift */; };
		19EFB3C42C01085F005CC488 /* independent.swift in Sources */ = {isa = PBXBuildFile; fileRef = 19EFB3C32C01085F005CC488 /* independent.swift */; };
		19EFB3C62C010CB8005CC488 /* array2d.swift in Sources */ = {isa = PBXBuildFile; fileRef = 19EFB3C52C010CB8005CC488 /* array2d.swift */; };
		19EFB3C82C0274D2005CC488 /* array2dTest.swift in Sources */ = {isa = PBXBuildFile; fileRef = 19EFB3C72C0274D2005CC488 /* array2dTest.swift */; };
		19EFB3C92C0274FD005CC488 /* array2d.swift in Sources */ = {isa = PBXBuildFile; fileRef = 19EFB3C52C010CB8005CC488 /* array2d.swift */; };
		19EFB3CB2C03B88B005CC488 /* image.swift in Sources */ = {isa = PBXBuildFile; fileRef = 19EFB3CA2C03B88B005CC488 /* image.swift */; };
		19EFB3CD2C03FDDF005CC488 /* normal.swift in Sources */ = {isa = PBXBuildFile; fileRef = 19EFB3CC2C03FDDF005CC488 /* normal.swift */; };
		19EFB3CF2C0648B1005CC488 /* imageTest.swift in Sources */ = {isa = PBXBuildFile; fileRef = 19EFB3CE2C0648B1005CC488 /* imageTest.swift */; };
		19EFB3D02C064A7F005CC488 /* image.swift in Sources */ = {isa = PBXBuildFile; fileRef = 19EFB3CA2C03B88B005CC488 /* image.swift */; };
		19F816A62C1A16CF0006B1E1 /* sphere.json in CopyFiles */ = {isa = PBXBuildFile; fileRef = 19F816A52C1A14BA0006B1E1 /* sphere.json */; };
		19F816A82C1A18600006B1E1 /* quad.json in CopyFiles */ = {isa = PBXBuildFile; fileRef = 19F816A72C1A18160006B1E1 /* quad.json */; };
		19F816AA2C1A20B20006B1E1 /* triangle.json in CopyFiles */ = {isa = PBXBuildFile; fileRef = 19F816A92C1A20680006B1E1 /* triangle.json */; };
		19F816AC2C1A215E0006B1E1 /* group.json in CopyFiles */ = {isa = PBXBuildFile; fileRef = 19F816AB2C1A211A0006B1E1 /* group.json */; };
		19F816B12C1A27780006B1E1 /* reflect.json in CopyFiles */ = {isa = PBXBuildFile; fileRef = 19F816AD2C1A270B0006B1E1 /* reflect.json */; };
		19F816B22C1A27780006B1E1 /* refract.json in CopyFiles */ = {isa = PBXBuildFile; fileRef = 19F816AF2C1A27430006B1E1 /* refract.json */; };
		19F816B92C1A7CAF0006B1E1 /* odyssey_triangle.json in CopyFiles */ = {isa = PBXBuildFile; fileRef = 19F816B52C1A7CA80006B1E1 /* odyssey_triangle.json */; };
		19F816BA2C1A7CAF0006B1E1 /* odyssey.json in CopyFiles */ = {isa = PBXBuildFile; fileRef = 19F816B32C1A7CA80006B1E1 /* odyssey.json */; };
		19F816BB2C1A7CAF0006B1E1 /* veach.json in CopyFiles */ = {isa = PBXBuildFile; fileRef = 19F816B42C1A7CA80006B1E1 /* veach.json */; };
		19F816C62C1A7D8D0006B1E1 /* floor.obj in CopyFiles */ = {isa = PBXBuildFile; fileRef = 19F816BF2C1A7D800006B1E1 /* floor.obj */; };
		19F816C72C1A7D8D0006B1E1 /* plate1.obj in CopyFiles */ = {isa = PBXBuildFile; fileRef = 19F816BC2C1A7D800006B1E1 /* plate1.obj */; };
		19F816C82C1A7D8D0006B1E1 /* plate2.obj in CopyFiles */ = {isa = PBXBuildFile; fileRef = 19F816BD2C1A7D800006B1E1 /* plate2.obj */; };
		19F816C92C1A7D8D0006B1E1 /* plate3.obj in CopyFiles */ = {isa = PBXBuildFile; fileRef = 19F816C02C1A7D800006B1E1 /* plate3.obj */; };
		19F816CA2C1A7D8D0006B1E1 /* plate4.obj in CopyFiles */ = {isa = PBXBuildFile; fileRef = 19F816BE2C1A7D800006B1E1 /* plate4.obj */; };
/* End PBXBuildFile section */

/* Begin PBXCopyFilesBuildPhase section */
		1999D0AD2C1797A000358201 /* CopyFiles */ = {
			isa = PBXCopyFilesBuildPhase;
			buildActionMask = 12;
			dstPath = assets;
			dstSubfolderSpec = 7;
			files = (
				19F816AC2C1A215E0006B1E1 /* group.json in CopyFiles */,
				19F816AA2C1A20B20006B1E1 /* triangle.json in CopyFiles */,
				19F816A82C1A18600006B1E1 /* quad.json in CopyFiles */,
				19F816A62C1A16CF0006B1E1 /* sphere.json in CopyFiles */,
				1999D0BB2C1798FA00358201 /* metal.json in CopyFiles */,
			);
			runOnlyForDeploymentPostprocessing = 0;
		};
		19E808292B2B664400A37D37 /* CopyFiles */ = {
			isa = PBXCopyFilesBuildPhase;
			buildActionMask = 12;
			dstPath = assets;
			dstSubfolderSpec = 7;
			files = (
				19E9588F2C1B90E800F63FA5 /* test.json in CopyFiles */,
				19E958902C1B90E800F63FA5 /* mitsuba_mat0.obj in CopyFiles */,
				19E958912C1B90E800F63FA5 /* mitsuba_mat1.obj in CopyFiles */,
				19E958922C1B90E800F63FA5 /* mitsuba_mat2.obj in CopyFiles */,
				19E958932C1B90E800F63FA5 /* Plane_mat0.obj in CopyFiles */,
				19F816C62C1A7D8D0006B1E1 /* floor.obj in CopyFiles */,
				19F816C72C1A7D8D0006B1E1 /* plate1.obj in CopyFiles */,
				19F816C82C1A7D8D0006B1E1 /* plate2.obj in CopyFiles */,
				19F816C92C1A7D8D0006B1E1 /* plate3.obj in CopyFiles */,
				19F816CA2C1A7D8D0006B1E1 /* plate4.obj in CopyFiles */,
				19F816B92C1A7CAF0006B1E1 /* odyssey_triangle.json in CopyFiles */,
				19F816BA2C1A7CAF0006B1E1 /* odyssey.json in CopyFiles */,
				19F816BB2C1A7CAF0006B1E1 /* veach.json in CopyFiles */,
				19F816B12C1A27780006B1E1 /* reflect.json in CopyFiles */,
				19F816B22C1A27780006B1E1 /* refract.json in CopyFiles */,
				1999D0A62C1615EE00358201 /* direct.json in CopyFiles */,
				1999D0A72C1615EE00358201 /* metal_normals.exr in CopyFiles */,
				1999D09E2C12490400358201 /* chest.obj in CopyFiles */,
				1999D0972C1246B700358201 /* blend.json in CopyFiles */,
				1999D08A2C10E8F500358201 /* uv-texture.png in CopyFiles */,
				1982F6C22C9BA2D9000FF286 /* chest_albedo.png in CopyFiles */,
				1982F6C12C9BA2D6000FF286 /* chest_blend.png in CopyFiles */,
				1982F6C02C9BA2D4000FF286 /* chest_normal.png in CopyFiles */,
				1982F6BF2C9BA2D1000FF286 /* chest_rough.png in CopyFiles */,
				1982F6B62C9B9A59000FF286 /* sun.png in CopyFiles */,
				1999D0842C10E71E00358201 /* textures.json in CopyFiles */,
				196094BD2CB2FD7F009FDAC4 /* cornelBoxPssmlt.json in CopyFiles */,
				1999D0812C100A6C00358201 /* checkerboardXY.json in CopyFiles */,
				1999D0792C0FF68E00358201 /* roughness.json in CopyFiles */,
				1999D06C2C0FE16F00358201 /* threeSpheres.json in CopyFiles */,
				1999D06D2C0FE16F00358201 /* teapot.json in CopyFiles */,
				1999D06E2C0FE16F00358201 /* triangle.json in CopyFiles */,
				1999D06F2C0FE16F00358201 /* cornelBox.json in CopyFiles */,
				1999D0612C0FE01400358201 /* simple.json in CopyFiles */,
				1999D0592C0F8A4100358201 /* dragon.obj in CopyFiles */,
				1999D05A2C0F8A4100358201 /* buddha.obj in CopyFiles */,
				1999D05B2C0F8A4100358201 /* bunny.obj in CopyFiles */,
				1999D0502C0E48F400358201 /* cube.obj in CopyFiles */,
				1999D04D2C0E3F5900358201 /* teapot.obj in CopyFiles */,
			);
			runOnlyForDeploymentPostprocessing = 0;
		};
/* End PBXCopyFilesBuildPhase section */

/* Begin PBXFileReference section */
		1917635D2C20E927007688D4 /* spot.swift */ = {isa = PBXFileReference; lastKnownFileType = sourcecode.swift; path = spot.swift; sourceTree = "<group>"; };
		193E424F2BFE5EA300D96A37 /* camera.swift */ = {isa = PBXFileReference; lastKnownFileType = sourcecode.swift; path = camera.swift; sourceTree = "<group>"; };
		194480992CA8A5C1002A90C6 /* rng.swift */ = {isa = PBXFileReference; lastKnownFileType = sourcecode.swift; path = rng.swift; sourceTree = "<group>"; };
		1944809B2CA8AD30002A90C6 /* distribution.swift */ = {isa = PBXFileReference; lastKnownFileType = sourcecode.swift; path = distribution.swift; sourceTree = "<group>"; };
		194480A02CA8C788002A90C6 /* rngTest.swift */ = {isa = PBXFileReference; lastKnownFileType = sourcecode.swift; path = rngTest.swift; sourceTree = "<group>"; };
		194D901D2C90D3B200D05F58 /* pssmlt.swift */ = {isa = PBXFileReference; lastKnownFileType = sourcecode.swift; path = pssmlt.swift; sourceTree = "<group>"; };
		194D901F2C90D63400D05F58 /* pssmltSampler.swift */ = {isa = PBXFileReference; lastKnownFileType = sourcecode.swift; path = pssmltSampler.swift; sourceTree = "<group>"; };
		196094BC2CB2FD7F009FDAC4 /* cornelBoxPssmlt.json */ = {isa = PBXFileReference; lastKnownFileType = text.json; path = cornelBoxPssmlt.json; sourceTree = "<group>"; };
		196094BE2CB46636009FDAC4 /* gdmlt.swift */ = {isa = PBXFileReference; lastKnownFileType = sourcecode.swift; path = gdmlt.swift; sourceTree = "<group>"; };
		196ECD552C0B7FC30052DEA6 /* triangle.swift */ = {isa = PBXFileReference; lastKnownFileType = sourcecode.swift; path = triangle.swift; sourceTree = "<group>"; };
		196ECD572C0B80350052DEA6 /* mesh.swift */ = {isa = PBXFileReference; lastKnownFileType = sourcecode.swift; path = mesh.swift; sourceTree = "<group>"; };
		19737CF02C2B478D00F49204 /* Documentation.docc */ = {isa = PBXFileReference; lastKnownFileType = folder.documentationcatalog; path = Documentation.docc; sourceTree = "<group>"; };
		1982F6B42C9B9A17000FF286 /* sun.png */ = {isa = PBXFileReference; lastKnownFileType = image.png; path = sun.png; sourceTree = "<group>"; };
		1982F6B72C9BA2B9000FF286 /* chest_rough.png */ = {isa = PBXFileReference; lastKnownFileType = image.png; path = chest_rough.png; sourceTree = "<group>"; };
		1982F6B82C9BA2B9000FF286 /* chest_blend.png */ = {isa = PBXFileReference; lastKnownFileType = image.png; path = chest_blend.png; sourceTree = "<group>"; };
		1982F6B92C9BA2B9000FF286 /* chest_normal.png */ = {isa = PBXFileReference; lastKnownFileType = image.png; path = chest_normal.png; sourceTree = "<group>"; };
		1982F6BA2C9BA2B9000FF286 /* chest_albedo.png */ = {isa = PBXFileReference; lastKnownFileType = image.png; path = chest_albedo.png; sourceTree = "<group>"; };
		1986951E2C2F367A00EEF672 /* constantEnvironment.swift */ = {isa = PBXFileReference; lastKnownFileType = sourcecode.swift; path = constantEnvironment.swift; sourceTree = "<group>"; };
		1999D0462C0E3F5200358201 /* teapot.obj */ = {isa = PBXFileReference; fileEncoding = 4; lastKnownFileType = text; path = teapot.obj; sourceTree = "<group>"; };
		1999D04F2C0E48C500358201 /* cube.obj */ = {isa = PBXFileReference; lastKnownFileType = text; path = cube.obj; sourceTree = "<group>"; };
		1999D0512C0F853000358201 /* uv.swift */ = {isa = PBXFileReference; lastKnownFileType = sourcecode.swift; path = uv.swift; sourceTree = "<group>"; };
		1999D0532C0F8A3100358201 /* buddha.obj */ = {isa = PBXFileReference; fileEncoding = 4; lastKnownFileType = text; path = buddha.obj; sourceTree = "<group>"; };
		1999D0542C0F8A3100358201 /* bunny.obj */ = {isa = PBXFileReference; fileEncoding = 4; lastKnownFileType = text; path = bunny.obj; sourceTree = "<group>"; };
		1999D0572C0F8A3600358201 /* dragon.obj */ = {isa = PBXFileReference; fileEncoding = 4; lastKnownFileType = text; path = dragon.obj; sourceTree = "<group>"; };
		1999D05F2C0FDF7D00358201 /* simple.json */ = {isa = PBXFileReference; lastKnownFileType = text.json; path = simple.json; sourceTree = "<group>"; };
		1999D0622C0FE0A100358201 /* threeSpheres.json */ = {isa = PBXFileReference; lastKnownFileType = text.json; path = threeSpheres.json; sourceTree = "<group>"; };
		1999D0642C0FE0EB00358201 /* teapot.json */ = {isa = PBXFileReference; lastKnownFileType = text.json; path = teapot.json; sourceTree = "<group>"; };
		1999D0662C0FE10B00358201 /* triangle.json */ = {isa = PBXFileReference; lastKnownFileType = text.json; path = triangle.json; sourceTree = "<group>"; };
		1999D06A2C0FE15200358201 /* cornelBox.json */ = {isa = PBXFileReference; lastKnownFileType = text.json; path = cornelBox.json; sourceTree = "<group>"; };
		1999D0702C0FEC7700358201 /* xctest.png */ = {isa = PBXFileReference; lastKnownFileType = image.png; path = xctest.png; sourceTree = "<group>"; };
		1999D0772C0FF52100358201 /* roughness.json */ = {isa = PBXFileReference; lastKnownFileType = text.json; path = roughness.json; sourceTree = "<group>"; };
		1999D07F2C100A1A00358201 /* checkerboardXY.json */ = {isa = PBXFileReference; lastKnownFileType = text.json; path = checkerboardXY.json; sourceTree = "<group>"; };
		1999D0822C10E61D00358201 /* textures.json */ = {isa = PBXFileReference; lastKnownFileType = text.json; path = textures.json; sourceTree = "<group>"; };
		1999D0852C10E8EF00358201 /* uv-texture.png */ = {isa = PBXFileReference; lastKnownFileType = image.png; path = "uv-texture.png"; sourceTree = "<group>"; };
		1999D08B2C10F37D00358201 /* blend.swift */ = {isa = PBXFileReference; lastKnownFileType = sourcecode.swift; path = blend.swift; sourceTree = "<group>"; };
		1999D08D2C12443800358201 /* blend.json */ = {isa = PBXFileReference; lastKnownFileType = text.json; path = blend.json; sourceTree = "<group>"; };
		1999D09C2C1248F800358201 /* chest.obj */ = {isa = PBXFileReference; fileEncoding = 4; lastKnownFileType = text; path = chest.obj; sourceTree = "<group>"; };
		1999D09F2C1361BB00358201 /* direct.swift */ = {isa = PBXFileReference; lastKnownFileType = sourcecode.swift; path = direct.swift; sourceTree = "<group>"; };
		1999D0A12C136D4100358201 /* direct.json */ = {isa = PBXFileReference; lastKnownFileType = text.json; path = direct.json; sourceTree = "<group>"; };
		1999D0A32C137BF900358201 /* normalMap.swift */ = {isa = PBXFileReference; lastKnownFileType = sourcecode.swift; path = normalMap.swift; sourceTree = "<group>"; };
		1999D0A52C1615E300358201 /* metal_normals.exr */ = {isa = PBXFileReference; lastKnownFileType = file; path = metal_normals.exr; sourceTree = "<group>"; };
		1999D0AF2C1797A000358201 /* histogram */ = {isa = PBXFileReference; explicitFileType = "compiled.mach-o.executable"; includeInIndex = 0; path = histogram; sourceTree = BUILT_PRODUCTS_DIR; };
		1999D0B12C1797A000358201 /* main.swift */ = {isa = PBXFileReference; lastKnownFileType = sourcecode.swift; path = main.swift; sourceTree = "<group>"; };
		1999D0BA2C17987F00358201 /* metal.json */ = {isa = PBXFileReference; lastKnownFileType = text.json; path = metal.json; sourceTree = "<group>"; };
		19BBA7192BF7D32F00981204 /* transform.swift */ = {isa = PBXFileReference; lastKnownFileType = sourcecode.swift; path = transform.swift; sourceTree = "<group>"; };
		19BBA71C2BF7D3A400981204 /* matrix.swift */ = {isa = PBXFileReference; lastKnownFileType = sourcecode.swift; path = matrix.swift; sourceTree = "<group>"; };
		19BBA7222BF82CE800981204 /* ray.swift */ = {isa = PBXFileReference; lastKnownFileType = sourcecode.swift; path = ray.swift; sourceTree = "<group>"; };
		19BBA7242BF97A9700981204 /* path.swift */ = {isa = PBXFileReference; lastKnownFileType = sourcecode.swift; path = path.swift; sourceTree = "<group>"; };
		19BBA7262BF97AAA00981204 /* integrator.swift */ = {isa = PBXFileReference; lastKnownFileType = sourcecode.swift; path = integrator.swift; sourceTree = "<group>"; };
		19BBA72C2BFBB48100981204 /* utils.swift */ = {isa = PBXFileReference; lastKnownFileType = sourcecode.swift; path = utils.swift; sourceTree = "<group>"; };
		19BBA72E2BFC089A00981204 /* sampling.swift */ = {isa = PBXFileReference; lastKnownFileType = sourcecode.swift; path = sampling.swift; sourceTree = "<group>"; };
		19BBA7302BFC0C7100981204 /* texture.swift */ = {isa = PBXFileReference; lastKnownFileType = sourcecode.swift; path = texture.swift; sourceTree = "<group>"; };
		19BBA7322BFD4F0000981204 /* scene.swift */ = {isa = PBXFileReference; lastKnownFileType = sourcecode.swift; path = scene.swift; sourceTree = "<group>"; };
		19BBA7382BFD531B00981204 /* SwiftTracerTest.xctest */ = {isa = PBXFileReference; explicitFileType = wrapper.cfbundle; includeInIndex = 0; path = SwiftTracerTest.xctest; sourceTree = BUILT_PRODUCTS_DIR; };
		19C0A70E2C06AA8400A7A0FD /* bvh.swift */ = {isa = PBXFileReference; lastKnownFileType = sourcecode.swift; path = bvh.swift; sourceTree = "<group>"; };
		19C0A7102C08EECE00A7A0FD /* metal.swift */ = {isa = PBXFileReference; lastKnownFileType = sourcecode.swift; path = metal.swift; sourceTree = "<group>"; };
		19C0A7132C08F5EE00A7A0FD /* dielectric.swift */ = {isa = PBXFileReference; lastKnownFileType = sourcecode.swift; path = dielectric.swift; sourceTree = "<group>"; };
		19C0A7172C08FB1B00A7A0FD /* area.swift */ = {isa = PBXFileReference; lastKnownFileType = sourcecode.swift; path = area.swift; sourceTree = "<group>"; };
		19E8082B2B2B664400A37D37 /* SwiftTracer */ = {isa = PBXFileReference; explicitFileType = "compiled.mach-o.executable"; includeInIndex = 0; path = SwiftTracer; sourceTree = BUILT_PRODUCTS_DIR; };
		19E8082E2B2B664400A37D37 /* render.swift */ = {isa = PBXFileReference; lastKnownFileType = sourcecode.swift; path = render.swift; sourceTree = "<group>"; };
		19E8083D2B2B6DE900A37D37 /* material.swift */ = {isa = PBXFileReference; lastKnownFileType = sourcecode.swift; path = material.swift; sourceTree = "<group>"; };
		19E8083F2B2B6E7000A37D37 /* diffuse.swift */ = {isa = PBXFileReference; lastKnownFileType = sourcecode.swift; path = diffuse.swift; sourceTree = "<group>"; };
		19E808412B2B6F2600A37D37 /* vector.swift */ = {isa = PBXFileReference; lastKnownFileType = sourcecode.swift; path = vector.swift; sourceTree = "<group>"; };
		19E808432B2B728C00A37D37 /* sphere.swift */ = {isa = PBXFileReference; lastKnownFileType = sourcecode.swift; path = sphere.swift; sourceTree = "<group>"; };
		19E808452B2B729700A37D37 /* shape.swift */ = {isa = PBXFileReference; lastKnownFileType = sourcecode.swift; path = shape.swift; sourceTree = "<group>"; };
		19E808472B2B730600A37D37 /* aabb.swift */ = {isa = PBXFileReference; lastKnownFileType = sourcecode.swift; path = aabb.swift; sourceTree = "<group>"; };
		19E958852C1B905900F63FA5 /* test.json */ = {isa = PBXFileReference; lastKnownFileType = text.json; path = test.json; sourceTree = "<group>"; };
		19E958872C1B90D900F63FA5 /* Plane_mat0.obj */ = {isa = PBXFileReference; fileEncoding = 4; lastKnownFileType = text; path = Plane_mat0.obj; sourceTree = "<group>"; };
		19E958882C1B90D900F63FA5 /* mitsuba_mat2.obj */ = {isa = PBXFileReference; fileEncoding = 4; lastKnownFileType = text; path = mitsuba_mat2.obj; sourceTree = "<group>"; };
		19E958892C1B90D900F63FA5 /* mitsuba_mat1.obj */ = {isa = PBXFileReference; fileEncoding = 4; lastKnownFileType = text; path = mitsuba_mat1.obj; sourceTree = "<group>"; };
		19E9588A2C1B90D900F63FA5 /* mitsuba_mat0.obj */ = {isa = PBXFileReference; fileEncoding = 4; lastKnownFileType = text; path = mitsuba_mat0.obj; sourceTree = "<group>"; };
		19E958962C1BD19E00F63FA5 /* point.swift */ = {isa = PBXFileReference; lastKnownFileType = sourcecode.swift; path = point.swift; sourceTree = "<group>"; };
		19E958982C1BD1AD00F63FA5 /* light.swift */ = {isa = PBXFileReference; lastKnownFileType = sourcecode.swift; path = light.swift; sourceTree = "<group>"; };
		19E9589A2C1C8F1B00F63FA5 /* lightSampler.swift */ = {isa = PBXFileReference; lastKnownFileType = sourcecode.swift; path = lightSampler.swift; sourceTree = "<group>"; };
		19E9589D2C1C907C00F63FA5 /* uniform.swift */ = {isa = PBXFileReference; lastKnownFileType = sourcecode.swift; path = uniform.swift; sourceTree = "<group>"; };
		19EFB3B92C00EBCF005CC488 /* quad.swift */ = {isa = PBXFileReference; lastKnownFileType = sourcecode.swift; path = quad.swift; sourceTree = "<group>"; };
		19EFB3BB2C00EF44005CC488 /* mathTest.swift */ = {isa = PBXFileReference; lastKnownFileType = sourcecode.swift; path = mathTest.swift; sourceTree = "<group>"; };
		19EFB3BD2C00F63E005CC488 /* shapeGroup.swift */ = {isa = PBXFileReference; lastKnownFileType = sourcecode.swift; path = shapeGroup.swift; sourceTree = "<group>"; };
		19EFB3C12C010833005CC488 /* sampler.swift */ = {isa = PBXFileReference; lastKnownFileType = sourcecode.swift; path = sampler.swift; sourceTree = "<group>"; };
		19EFB3C32C01085F005CC488 /* independent.swift */ = {isa = PBXFileReference; lastKnownFileType = sourcecode.swift; path = independent.swift; sourceTree = "<group>"; };
		19EFB3C52C010CB8005CC488 /* array2d.swift */ = {isa = PBXFileReference; lastKnownFileType = sourcecode.swift; path = array2d.swift; sourceTree = "<group>"; };
		19EFB3C72C0274D2005CC488 /* array2dTest.swift */ = {isa = PBXFileReference; lastKnownFileType = sourcecode.swift; path = array2dTest.swift; sourceTree = "<group>"; };
		19EFB3CA2C03B88B005CC488 /* image.swift */ = {isa = PBXFileReference; lastKnownFileType = sourcecode.swift; path = image.swift; sourceTree = "<group>"; };
		19EFB3CC2C03FDDF005CC488 /* normal.swift */ = {isa = PBXFileReference; lastKnownFileType = sourcecode.swift; path = normal.swift; sourceTree = "<group>"; };
		19EFB3CE2C0648B1005CC488 /* imageTest.swift */ = {isa = PBXFileReference; lastKnownFileType = sourcecode.swift; path = imageTest.swift; sourceTree = "<group>"; };
		19F816A52C1A14BA0006B1E1 /* sphere.json */ = {isa = PBXFileReference; lastKnownFileType = text.json; path = sphere.json; sourceTree = "<group>"; };
		19F816A72C1A18160006B1E1 /* quad.json */ = {isa = PBXFileReference; lastKnownFileType = text.json; path = quad.json; sourceTree = "<group>"; };
		19F816A92C1A20680006B1E1 /* triangle.json */ = {isa = PBXFileReference; lastKnownFileType = text.json; path = triangle.json; sourceTree = "<group>"; };
		19F816AB2C1A211A0006B1E1 /* group.json */ = {isa = PBXFileReference; lastKnownFileType = text.json; path = group.json; sourceTree = "<group>"; };
		19F816AD2C1A270B0006B1E1 /* reflect.json */ = {isa = PBXFileReference; lastKnownFileType = text.json; path = reflect.json; sourceTree = "<group>"; };
		19F816AF2C1A27430006B1E1 /* refract.json */ = {isa = PBXFileReference; lastKnownFileType = text.json; path = refract.json; sourceTree = "<group>"; };
		19F816B32C1A7CA80006B1E1 /* odyssey.json */ = {isa = PBXFileReference; fileEncoding = 4; lastKnownFileType = text.json; path = odyssey.json; sourceTree = "<group>"; };
		19F816B42C1A7CA80006B1E1 /* veach.json */ = {isa = PBXFileReference; fileEncoding = 4; lastKnownFileType = text.json; path = veach.json; sourceTree = "<group>"; };
		19F816B52C1A7CA80006B1E1 /* odyssey_triangle.json */ = {isa = PBXFileReference; fileEncoding = 4; lastKnownFileType = text.json; path = odyssey_triangle.json; sourceTree = "<group>"; };
		19F816BC2C1A7D800006B1E1 /* plate1.obj */ = {isa = PBXFileReference; fileEncoding = 4; lastKnownFileType = text; path = plate1.obj; sourceTree = "<group>"; };
		19F816BD2C1A7D800006B1E1 /* plate2.obj */ = {isa = PBXFileReference; fileEncoding = 4; lastKnownFileType = text; path = plate2.obj; sourceTree = "<group>"; };
		19F816BE2C1A7D800006B1E1 /* plate4.obj */ = {isa = PBXFileReference; fileEncoding = 4; lastKnownFileType = text; path = plate4.obj; sourceTree = "<group>"; };
		19F816BF2C1A7D800006B1E1 /* floor.obj */ = {isa = PBXFileReference; fileEncoding = 4; lastKnownFileType = text; path = floor.obj; sourceTree = "<group>"; };
		19F816C02C1A7D800006B1E1 /* plate3.obj */ = {isa = PBXFileReference; fileEncoding = 4; lastKnownFileType = text; path = plate3.obj; sourceTree = "<group>"; };
/* End PBXFileReference section */

/* Begin PBXFrameworksBuildPhase section */
		1999D0AC2C1797A000358201 /* Frameworks */ = {
			isa = PBXFrameworksBuildPhase;
			buildActionMask = 2147483647;
			files = (
				1999D0D92C17AC2F00358201 /* Progress in Frameworks */,
			);
			runOnlyForDeploymentPostprocessing = 0;
		};
		19BBA7352BFD531B00981204 /* Frameworks */ = {
			isa = PBXFrameworksBuildPhase;
			buildActionMask = 2147483647;
			files = (
				194480C92CA8CA38002A90C6 /* Algorithms in Frameworks */,
				194480C52CA8CA0C002A90C6 /* SwiftWavefront in Frameworks */,
				194480C72CA8CA22002A90C6 /* Progress in Frameworks */,
			);
			runOnlyForDeploymentPostprocessing = 0;
		};
		19E808282B2B664400A37D37 /* Frameworks */ = {
			isa = PBXFrameworksBuildPhase;
			buildActionMask = 2147483647;
			files = (
				1982F6B32C9B8757000FF286 /* PNG in Frameworks */,
				19E808392B2B698900A37D37 /* ArgumentParser in Frameworks */,
				19737CED2C27457900F49204 /* SwiftWavefront in Frameworks */,
				1944809F2CA8B0D5002A90C6 /* Algorithms in Frameworks */,
				1999D07C2C1003A100358201 /* Progress in Frameworks */,
			);
			runOnlyForDeploymentPostprocessing = 0;
		};
/* End PBXFrameworksBuildPhase section */

/* Begin PBXGroup section */
		1999D0482C0E3F5200358201 /* assets */ = {
			isa = PBXGroup;
			children = (
				1999D05E2C0FDF6200358201 /* scenes */,
				1999D05D2C0FDED400358201 /* textures */,
				1999D05C2C0FDEC600358201 /* mesh */,
			);
			path = assets;
			sourceTree = "<group>";
		};
		1999D05C2C0FDEC600358201 /* mesh */ = {
			isa = PBXGroup;
			children = (
				19E9588A2C1B90D900F63FA5 /* mitsuba_mat0.obj */,
				19E958892C1B90D900F63FA5 /* mitsuba_mat1.obj */,
				19E958882C1B90D900F63FA5 /* mitsuba_mat2.obj */,
				19E958872C1B90D900F63FA5 /* Plane_mat0.obj */,
				19F816BF2C1A7D800006B1E1 /* floor.obj */,
				19F816BC2C1A7D800006B1E1 /* plate1.obj */,
				19F816BD2C1A7D800006B1E1 /* plate2.obj */,
				19F816C02C1A7D800006B1E1 /* plate3.obj */,
				19F816BE2C1A7D800006B1E1 /* plate4.obj */,
				1999D09C2C1248F800358201 /* chest.obj */,
				1999D0572C0F8A3600358201 /* dragon.obj */,
				1999D0532C0F8A3100358201 /* buddha.obj */,
				1999D0542C0F8A3100358201 /* bunny.obj */,
				1999D0462C0E3F5200358201 /* teapot.obj */,
				1999D04F2C0E48C500358201 /* cube.obj */,
			);
			path = mesh;
			sourceTree = "<group>";
		};
		1999D05D2C0FDED400358201 /* textures */ = {
			isa = PBXGroup;
			children = (
				1999D0A52C1615E300358201 /* metal_normals.exr */,
				1982F6BA2C9BA2B9000FF286 /* chest_albedo.png */,
				1982F6B82C9BA2B9000FF286 /* chest_blend.png */,
				1982F6B92C9BA2B9000FF286 /* chest_normal.png */,
				1982F6B72C9BA2B9000FF286 /* chest_rough.png */,
				1982F6B42C9B9A17000FF286 /* sun.png */,
				1999D0852C10E8EF00358201 /* uv-texture.png */,
				1999D0702C0FEC7700358201 /* xctest.png */,
			);
			path = textures;
			sourceTree = "<group>";
		};
		1999D05E2C0FDF6200358201 /* scenes */ = {
			isa = PBXGroup;
			children = (
				196094BC2CB2FD7F009FDAC4 /* cornelBoxPssmlt.json */,
				19F816B52C1A7CA80006B1E1 /* odyssey_triangle.json */,
				19F816B32C1A7CA80006B1E1 /* odyssey.json */,
				19F816B42C1A7CA80006B1E1 /* veach.json */,
				1999D05F2C0FDF7D00358201 /* simple.json */,
				1999D0622C0FE0A100358201 /* threeSpheres.json */,
				1999D0642C0FE0EB00358201 /* teapot.json */,
				1999D0662C0FE10B00358201 /* triangle.json */,
				1999D06A2C0FE15200358201 /* cornelBox.json */,
				1999D0772C0FF52100358201 /* roughness.json */,
				1999D07F2C100A1A00358201 /* checkerboardXY.json */,
				1999D0822C10E61D00358201 /* textures.json */,
				1999D08D2C12443800358201 /* blend.json */,
				1999D0A12C136D4100358201 /* direct.json */,
				19F816AD2C1A270B0006B1E1 /* reflect.json */,
				19F816AF2C1A27430006B1E1 /* refract.json */,
				19E958852C1B905900F63FA5 /* test.json */,
			);
			path = scenes;
			sourceTree = "<group>";
		};
		1999D0B02C1797A000358201 /* histogram */ = {
			isa = PBXGroup;
			children = (
				1999D0B92C17987600358201 /* assets */,
				1999D0B12C1797A000358201 /* main.swift */,
			);
			path = histogram;
			sourceTree = "<group>";
		};
		1999D0B92C17987600358201 /* assets */ = {
			isa = PBXGroup;
			children = (
				1999D0BA2C17987F00358201 /* metal.json */,
				19F816A52C1A14BA0006B1E1 /* sphere.json */,
				19F816A72C1A18160006B1E1 /* quad.json */,
				19F816A92C1A20680006B1E1 /* triangle.json */,
				19F816AB2C1A211A0006B1E1 /* group.json */,
			);
			path = assets;
			sourceTree = "<group>";
		};
		1999D0D72C17AC2F00358201 /* Frameworks */ = {
			isa = PBXGroup;
			children = (
			);
			name = Frameworks;
			sourceTree = "<group>";
		};
		19BBA71B2BF7D35F00981204 /* math */ = {
			isa = PBXGroup;
			children = (
				19E808412B2B6F2600A37D37 /* vector.swift */,
				19BBA71C2BF7D3A400981204 /* matrix.swift */,
				19BBA72C2BFBB48100981204 /* utils.swift */,
				19BBA72E2BFC089A00981204 /* sampling.swift */,
				1944809B2CA8AD30002A90C6 /* distribution.swift */,
			);
			path = math;
			sourceTree = "<group>";
		};
		19BBA7392BFD531B00981204 /* SwiftTracerTest */ = {
			isa = PBXGroup;
			children = (
				19EFB3BB2C00EF44005CC488 /* mathTest.swift */,
				19EFB3C72C0274D2005CC488 /* array2dTest.swift */,
				19EFB3CE2C0648B1005CC488 /* imageTest.swift */,
				194480A02CA8C788002A90C6 /* rngTest.swift */,
			);
			path = SwiftTracerTest;
			sourceTree = "<group>";
		};
		19C0A70D2C06AA7300A7A0FD /* accelerators */ = {
			isa = PBXGroup;
			children = (
				19C0A70E2C06AA8400A7A0FD /* bvh.swift */,
			);
			path = accelerators;
			sourceTree = "<group>";
		};
		19C0A7162C08FB0F00A7A0FD /* lights */ = {
			isa = PBXGroup;
			children = (
				19E9589C2C1C906400F63FA5 /* samplers */,
				19C0A7172C08FB1B00A7A0FD /* area.swift */,
				19E958962C1BD19E00F63FA5 /* point.swift */,
				19E958982C1BD1AD00F63FA5 /* light.swift */,
				1917635D2C20E927007688D4 /* spot.swift */,
				1986951E2C2F367A00EEF672 /* constantEnvironment.swift */,
			);
			path = lights;
			sourceTree = "<group>";
		};
		19E808222B2B664400A37D37 = {
			isa = PBXGroup;
			children = (
				19E8082D2B2B664400A37D37 /* SwiftTracer */,
				19BBA7392BFD531B00981204 /* SwiftTracerTest */,
				1999D0B02C1797A000358201 /* histogram */,
				19E8082C2B2B664400A37D37 /* Products */,
				1999D0D72C17AC2F00358201 /* Frameworks */,
			);
			sourceTree = "<group>";
		};
		19E8082C2B2B664400A37D37 /* Products */ = {
			isa = PBXGroup;
			children = (
				19E8082B2B2B664400A37D37 /* SwiftTracer */,
				19BBA7382BFD531B00981204 /* SwiftTracerTest.xctest */,
				1999D0AF2C1797A000358201 /* histogram */,
			);
			name = Products;
			sourceTree = "<group>";
		};
		19E8082D2B2B664400A37D37 /* SwiftTracer */ = {
			isa = PBXGroup;
			children = (
				19737CF02C2B478D00F49204 /* Documentation.docc */,
				1999D0482C0E3F5200358201 /* assets */,
				19C0A7162C08FB0F00A7A0FD /* lights */,
				19C0A70D2C06AA7300A7A0FD /* accelerators */,
				19EFB3C02C010827005CC488 /* samplers */,
				19BBA71B2BF7D35F00981204 /* math */,
				19E8083C2B2B6DCA00A37D37 /* integrators */,
				19E8083B2B2B6DC300A37D37 /* shapes */,
				19E8083A2B2B6D9B00A37D37 /* materials */,
				19E808472B2B730600A37D37 /* aabb.swift */,
				19E8082E2B2B664400A37D37 /* render.swift */,
				19BBA7192BF7D32F00981204 /* transform.swift */,
				19BBA7222BF82CE800981204 /* ray.swift */,
				19BBA7302BFC0C7100981204 /* texture.swift */,
				19BBA7322BFD4F0000981204 /* scene.swift */,
				193E424F2BFE5EA300D96A37 /* camera.swift */,
				19EFB3C52C010CB8005CC488 /* array2d.swift */,
				19EFB3CA2C03B88B005CC488 /* image.swift */,
				194480992CA8A5C1002A90C6 /* rng.swift */,
			);
			path = SwiftTracer;
			sourceTree = "<group>";
		};
		19E8083A2B2B6D9B00A37D37 /* materials */ = {
			isa = PBXGroup;
			children = (
				19E8083D2B2B6DE900A37D37 /* material.swift */,
				19E8083F2B2B6E7000A37D37 /* diffuse.swift */,
				19C0A7102C08EECE00A7A0FD /* metal.swift */,
				19C0A7132C08F5EE00A7A0FD /* dielectric.swift */,
				1999D08B2C10F37D00358201 /* blend.swift */,
				1999D0A32C137BF900358201 /* normalMap.swift */,
			);
			path = materials;
			sourceTree = "<group>";
		};
		19E8083B2B2B6DC300A37D37 /* shapes */ = {
			isa = PBXGroup;
			children = (
				19E808432B2B728C00A37D37 /* sphere.swift */,
				19E808452B2B729700A37D37 /* shape.swift */,
				19EFB3B92C00EBCF005CC488 /* quad.swift */,
				19EFB3BD2C00F63E005CC488 /* shapeGroup.swift */,
				196ECD552C0B7FC30052DEA6 /* triangle.swift */,
				196ECD572C0B80350052DEA6 /* mesh.swift */,
			);
			path = shapes;
			sourceTree = "<group>";
		};
		19E8083C2B2B6DCA00A37D37 /* integrators */ = {
			isa = PBXGroup;
			children = (
				196094BE2CB46636009FDAC4 /* gdmlt.swift */,
				19BBA7242BF97A9700981204 /* path.swift */,
				19BBA7262BF97AAA00981204 /* integrator.swift */,
				19EFB3CC2C03FDDF005CC488 /* normal.swift */,
				1999D0512C0F853000358201 /* uv.swift */,
				1999D09F2C1361BB00358201 /* direct.swift */,
				194D901D2C90D3B200D05F58 /* pssmlt.swift */,
			);
			path = integrators;
			sourceTree = "<group>";
		};
		19E9589C2C1C906400F63FA5 /* samplers */ = {
			isa = PBXGroup;
			children = (
				19E9589A2C1C8F1B00F63FA5 /* lightSampler.swift */,
				19E9589D2C1C907C00F63FA5 /* uniform.swift */,
			);
			path = samplers;
			sourceTree = "<group>";
		};
		19EFB3C02C010827005CC488 /* samplers */ = {
			isa = PBXGroup;
			children = (
				19EFB3C12C010833005CC488 /* sampler.swift */,
				19EFB3C32C01085F005CC488 /* independent.swift */,
				194D901F2C90D63400D05F58 /* pssmltSampler.swift */,
			);
			path = samplers;
			sourceTree = "<group>";
		};
/* End PBXGroup section */

/* Begin PBXNativeTarget section */
		1999D0AE2C1797A000358201 /* histogram */ = {
			isa = PBXNativeTarget;
			buildConfigurationList = 1999D0B32C1797A000358201 /* Build configuration list for PBXNativeTarget "histogram" */;
			buildPhases = (
				1999D0AB2C1797A000358201 /* Sources */,
				1999D0AC2C1797A000358201 /* Frameworks */,
				1999D0AD2C1797A000358201 /* CopyFiles */,
			);
			buildRules = (
			);
			dependencies = (
			);
			name = histogram;
			packageProductDependencies = (
				1999D0D82C17AC2F00358201 /* Progress */,
			);
			productName = histogram;
			productReference = 1999D0AF2C1797A000358201 /* histogram */;
			productType = "com.apple.product-type.tool";
		};
		19BBA7372BFD531B00981204 /* SwiftTracerTest */ = {
			isa = PBXNativeTarget;
			buildConfigurationList = 19BBA73C2BFD531B00981204 /* Build configuration list for PBXNativeTarget "SwiftTracerTest" */;
			buildPhases = (
				19BBA7342BFD531B00981204 /* Sources */,
				19BBA7352BFD531B00981204 /* Frameworks */,
				19BBA7362BFD531B00981204 /* Resources */,
			);
			buildRules = (
			);
			dependencies = (
			);
			name = SwiftTracerTest;
			packageProductDependencies = (
				194480C42CA8CA0C002A90C6 /* SwiftWavefront */,
				194480C62CA8CA22002A90C6 /* Progress */,
				194480C82CA8CA38002A90C6 /* Algorithms */,
			);
			productName = SwiftTracerTest;
			productReference = 19BBA7382BFD531B00981204 /* SwiftTracerTest.xctest */;
			productType = "com.apple.product-type.bundle.unit-test";
		};
		19E8082A2B2B664400A37D37 /* SwiftTracer */ = {
			isa = PBXNativeTarget;
			buildConfigurationList = 19E808322B2B664400A37D37 /* Build configuration list for PBXNativeTarget "SwiftTracer" */;
			buildPhases = (
				19E808272B2B664400A37D37 /* Sources */,
				19E808282B2B664400A37D37 /* Frameworks */,
				19E808292B2B664400A37D37 /* CopyFiles */,
				19694BDF2C0E2B07007AD6A4 /* Resources */,
			);
			buildRules = (
			);
			dependencies = (
			);
			name = SwiftTracer;
			packageProductDependencies = (
				19E808382B2B698900A37D37 /* ArgumentParser */,
				1999D07B2C1003A100358201 /* Progress */,
				19737CEC2C27457900F49204 /* SwiftWavefront */,
				1982F6B22C9B8757000FF286 /* PNG */,
				1944809E2CA8B0D5002A90C6 /* Algorithms */,
			);
			productName = SwiftTracer;
			productReference = 19E8082B2B2B664400A37D37 /* SwiftTracer */;
			productType = "com.apple.product-type.tool";
		};
/* End PBXNativeTarget section */

/* Begin PBXProject section */
		19E808232B2B664400A37D37 /* Project object */ = {
			isa = PBXProject;
			attributes = {
				BuildIndependentTargetsInParallel = 1;
				KnownAssetTags = (
					New,
				);
				LastSwiftUpdateCheck = 1540;
				LastUpgradeCheck = 1540;
				TargetAttributes = {
					1999D0AE2C1797A000358201 = {
						CreatedOnToolsVersion = 15.4;
					};
					19BBA7372BFD531B00981204 = {
						CreatedOnToolsVersion = 14.1;
					};
					19E8082A2B2B664400A37D37 = {
						CreatedOnToolsVersion = 14.1;
						LastSwiftMigration = 1540;
					};
				};
			};
			buildConfigurationList = 19E808262B2B664400A37D37 /* Build configuration list for PBXProject "SwiftTracer" */;
			compatibilityVersion = "Xcode 14.0";
			developmentRegion = en;
			hasScannedForEncodings = 0;
			knownRegions = (
				en,
				Base,
			);
			mainGroup = 19E808222B2B664400A37D37;
			packageReferences = (
				19E808372B2B698900A37D37 /* XCRemoteSwiftPackageReference "swift-argument-parser" */,
				1999D07A2C1003A100358201 /* XCRemoteSwiftPackageReference "Progress" */,
				19737CEB2C27445100F49204 /* XCRemoteSwiftPackageReference "SwiftWavefront" */,
				1982F6B12C9B8757000FF286 /* XCRemoteSwiftPackageReference "swift-png" */,
				1944809D2CA8B0D5002A90C6 /* XCRemoteSwiftPackageReference "swift-algorithms" */,
			);
			productRefGroup = 19E8082C2B2B664400A37D37 /* Products */;
			projectDirPath = "";
			projectRoot = "";
			targets = (
				19E8082A2B2B664400A37D37 /* SwiftTracer */,
				19BBA7372BFD531B00981204 /* SwiftTracerTest */,
				1999D0AE2C1797A000358201 /* histogram */,
			);
		};
/* End PBXProject section */

/* Begin PBXResourcesBuildPhase section */
		19694BDF2C0E2B07007AD6A4 /* Resources */ = {
			isa = PBXResourcesBuildPhase;
			buildActionMask = 2147483647;
			files = (
				1982F6BC2C9BA2B9000FF286 /* chest_blend.png in Resources */,
				1982F6BE2C9BA2B9000FF286 /* chest_albedo.png in Resources */,
				1982F6B52C9B9A17000FF286 /* sun.png in Resources */,
				1982F6BD2C9BA2B9000FF286 /* chest_normal.png in Resources */,
				1982F6BB2C9BA2B9000FF286 /* chest_rough.png in Resources */,
			);
			runOnlyForDeploymentPostprocessing = 0;
		};
		19BBA7362BFD531B00981204 /* Resources */ = {
			isa = PBXResourcesBuildPhase;
			buildActionMask = 2147483647;
			files = (
				1999D0762C0FEF7200358201 /* xctest.png in Resources */,
			);
			runOnlyForDeploymentPostprocessing = 0;
		};
/* End PBXResourcesBuildPhase section */

/* Begin PBXSourcesBuildPhase section */
		1999D0AB2C1797A000358201 /* Sources */ = {
			isa = PBXSourcesBuildPhase;
			buildActionMask = 2147483647;
			files = (
				1999D0BE2C179F1B00358201 /* sampler.swift in Sources */,
				1999D0D12C17A0EA00358201 /* dielectric.swift in Sources */,
				1999D0D02C17A0E500358201 /* metal.swift in Sources */,
				1999D0CD2C17A0CC00358201 /* sampling.swift in Sources */,
				1999D0BD2C179E8600358201 /* material.swift in Sources */,
				1999D0CE2C17A0D900358201 /* texture.swift in Sources */,
				1999D0C62C17A08100358201 /* bvh.swift in Sources */,
				1999D0C52C17A07D00358201 /* shapeGroup.swift in Sources */,
				1999D0D42C17A11D00358201 /* normalMap.swift in Sources */,
				1999D0C22C17A06500358201 /* camera.swift in Sources */,
				1999D0C12C17A06000358201 /* shape.swift in Sources */,
				1999D0C42C17A07500358201 /* ray.swift in Sources */,
				1999D0CC2C17A0A600358201 /* triangle.swift in Sources */,
				1999D0C32C17A07000358201 /* aabb.swift in Sources */,
				1999D0CA2C17A09C00358201 /* mesh.swift in Sources */,
				1999D0B82C1797DC00358201 /* array2d.swift in Sources */,
				1999D0CF2C17A0E200358201 /* diffuse.swift in Sources */,
				1999D0D52C17A12200358201 /* blend.swift in Sources */,
				1999D0BF2C179F8E00358201 /* independent.swift in Sources */,
				1999D0C72C17A08900358201 /* transform.swift in Sources */,
				1999D0C02C17A05500358201 /* scene.swift in Sources */,
				1999D0C82C17A08E00358201 /* matrix.swift in Sources */,
				1999D0C92C17A09400358201 /* sphere.swift in Sources */,
				1999D0B22C1797A000358201 /* main.swift in Sources */,
				1999D0CB2C17A0A300358201 /* quad.swift in Sources */,
				1999D0D32C17A11600358201 /* area.swift in Sources */,
				1999D0BC2C17996800358201 /* vector.swift in Sources */,
				1999D0B72C1797D400358201 /* utils.swift in Sources */,
				1999D0D62C17A24B00358201 /* image.swift in Sources */,
			);
			runOnlyForDeploymentPostprocessing = 0;
		};
		19BBA7342BFD531B00981204 /* Sources */ = {
			isa = PBXSourcesBuildPhase;
			buildActionMask = 2147483647;
			files = (
				19EFB3D02C064A7F005CC488 /* image.swift in Sources */,
				194480B12CA8C8E0002A90C6 /* normalMap.swift in Sources */,
				19EFB3C92C0274FD005CC488 /* array2d.swift in Sources */,
				19EFB3CF2C0648B1005CC488 /* imageTest.swift in Sources */,
				194480A62CA8C8A5002A90C6 /* sphere.swift in Sources */,
				19EFB3C82C0274D2005CC488 /* array2dTest.swift in Sources */,
				194480B62CA8C907002A90C6 /* constantEnvironment.swift in Sources */,
				194480BE2CA8C928002A90C6 /* pssmlt.swift in Sources */,
				19EFB3B62BFFC6B0005CC488 /* aabb.swift in Sources */,
				194480BD2CA8C926002A90C6 /* direct.swift in Sources */,
				194480B82CA8C914002A90C6 /* uniform.swift in Sources */,
				194480AB2CA8C8BE002A90C6 /* light.swift in Sources */,
				194480BA2CA8C920002A90C6 /* path.swift in Sources */,
				194480C02CA8C937002A90C6 /* pssmltSampler.swift in Sources */,
				194480A42CA8C86B002A90C6 /* sampler.swift in Sources */,
				19694BDA2C0E2012007AD6A4 /* camera.swift in Sources */,
				194480B22CA8C8F7002A90C6 /* texture.swift in Sources */,
				194480A72CA8C8A8002A90C6 /* quad.swift in Sources */,
				194480B72CA8C912002A90C6 /* lightSampler.swift in Sources */,
				194480AE2CA8C8DA002A90C6 /* metal.swift in Sources */,
				194480AC2CA8C8C5002A90C6 /* material.swift in Sources */,
				194480A92CA8C8AC002A90C6 /* triangle.swift in Sources */,
				194480A22CA8C7CE002A90C6 /* rng.swift in Sources */,
				194480C12CA8C949002A90C6 /* independent.swift in Sources */,
				194480A52CA8C87B002A90C6 /* scene.swift in Sources */,
				194480B92CA8C91D002A90C6 /* integrator.swift in Sources */,
				194480B52CA8C905002A90C6 /* spot.swift in Sources */,
				194480AA2CA8C8AE002A90C6 /* mesh.swift in Sources */,
				194480A32CA8C835002A90C6 /* shape.swift in Sources */,
				194480AD2CA8C8D8002A90C6 /* diffuse.swift in Sources */,
				194480B02CA8C8DE002A90C6 /* blend.swift in Sources */,
				194480BC2CA8C924002A90C6 /* uv.swift in Sources */,
				194480C32CA8C9DF002A90C6 /* bvh.swift in Sources */,
				19EFB3B32BFE7B92005CC488 /* utils.swift in Sources */,
				19EFB3B22BFE7B82005CC488 /* sampling.swift in Sources */,
				19EFB3BC2C00EF44005CC488 /* mathTest.swift in Sources */,
				193E42532BFE738F00D96A37 /* ray.swift in Sources */,
				193E42522BFE737F00D96A37 /* transform.swift in Sources */,
				194480BB2CA8C922002A90C6 /* normal.swift in Sources */,
				194480AF2CA8C8DC002A90C6 /* dielectric.swift in Sources */,
				194480A82CA8C8AA002A90C6 /* shapeGroup.swift in Sources */,
				19BBA7402BFD5AD600981204 /* matrix.swift in Sources */,
				194480C22CA8C958002A90C6 /* distribution.swift in Sources */,
				194480B42CA8C902002A90C6 /* point.swift in Sources */,
				19BBA73F2BFD54C100981204 /* vector.swift in Sources */,
				194480B32CA8C900002A90C6 /* area.swift in Sources */,
				196094BF2CB46638009FDAC4 /* gdmlt.swift in Sources */,
				194480A12CA8C788002A90C6 /* rngTest.swift in Sources */,
			);
			runOnlyForDeploymentPostprocessing = 0;
		};
		19E808272B2B664400A37D37 /* Sources */ = {
			isa = PBXSourcesBuildPhase;
			buildActionMask = 2147483647;
			files = (
				19EFB3C42C01085F005CC488 /* independent.swift in Sources */,
				19E808442B2B728C00A37D37 /* sphere.swift in Sources */,
				19C0A7182C08FB1B00A7A0FD /* area.swift in Sources */,
				19737CF12C2B478D00F49204 /* Documentation.docc in Sources */,
				1999D08C2C10F37D00358201 /* blend.swift in Sources */,
				19E9589B2C1C8F1B00F63FA5 /* lightSampler.swift in Sources */,
				19E808462B2B729700A37D37 /* shape.swift in Sources */,
				19BBA7272BF97AAA00981204 /* integrator.swift in Sources */,
				1917635E2C20E927007688D4 /* spot.swift in Sources */,
				19C0A70F2C06AA8400A7A0FD /* bvh.swift in Sources */,
				19EFB3C22C010833005CC488 /* sampler.swift in Sources */,
				1944809A2CA8A5C1002A90C6 /* rng.swift in Sources */,
				19EFB3BE2C00F63E005CC488 /* shapeGroup.swift in Sources */,
				19E8083E2B2B6DE900A37D37 /* material.swift in Sources */,
				196094C02CB46638009FDAC4 /* gdmlt.swift in Sources */,
				19E958972C1BD19E00F63FA5 /* point.swift in Sources */,
				19BBA72F2BFC089A00981204 /* sampling.swift in Sources */,
				19C0A7112C08EECE00A7A0FD /* metal.swift in Sources */,
				196ECD582C0B80350052DEA6 /* mesh.swift in Sources */,
				19E808482B2B730600A37D37 /* aabb.swift in Sources */,
				1999D0A02C1361BB00358201 /* direct.swift in Sources */,
				19BBA72D2BFBB48100981204 /* utils.swift in Sources */,
				19E8082F2B2B664400A37D37 /* render.swift in Sources */,
				19EFB3CD2C03FDDF005CC488 /* normal.swift in Sources */,
				19E808422B2B6F2600A37D37 /* vector.swift in Sources */,
				196ECD562C0B7FC30052DEA6 /* triangle.swift in Sources */,
				1999D0522C0F853000358201 /* uv.swift in Sources */,
				19EFB3BA2C00EBCF005CC488 /* quad.swift in Sources */,
				19EFB3C62C010CB8005CC488 /* array2d.swift in Sources */,
				19BBA7312BFC0C7100981204 /* texture.swift in Sources */,
				1999D0A42C137BF900358201 /* normalMap.swift in Sources */,
				193E42502BFE5EA300D96A37 /* camera.swift in Sources */,
				194D901E2C90D3B200D05F58 /* pssmlt.swift in Sources */,
				19EFB3CB2C03B88B005CC488 /* image.swift in Sources */,
				19BBA7232BF82CE800981204 /* ray.swift in Sources */,
				19BBA71D2BF7D3A400981204 /* matrix.swift in Sources */,
				19E9589E2C1C907C00F63FA5 /* uniform.swift in Sources */,
				19E958992C1BD1AD00F63FA5 /* light.swift in Sources */,
				19C0A7142C08F5EE00A7A0FD /* dielectric.swift in Sources */,
				19BBA71A2BF7D32F00981204 /* transform.swift in Sources */,
				1944809C2CA8AD30002A90C6 /* distribution.swift in Sources */,
				194D90202C90D63400D05F58 /* pssmltSampler.swift in Sources */,
				19BBA7252BF97A9700981204 /* path.swift in Sources */,
				1986951F2C2F367A00EEF672 /* constantEnvironment.swift in Sources */,
				19E808402B2B6E7000A37D37 /* diffuse.swift in Sources */,
				19BBA7332BFD4F0000981204 /* scene.swift in Sources */,
			);
			runOnlyForDeploymentPostprocessing = 0;
		};
/* End PBXSourcesBuildPhase section */

/* Begin XCBuildConfiguration section */
		1999D0B42C1797A000358201 /* Debug */ = {
			isa = XCBuildConfiguration;
			buildSettings = {
				ASSETCATALOG_COMPILER_GENERATE_SWIFT_ASSET_SYMBOL_EXTENSIONS = YES;
				CODE_SIGN_STYLE = Automatic;
				DEAD_CODE_STRIPPING = YES;
				ENABLE_USER_SCRIPT_SANDBOXING = YES;
				GCC_C_LANGUAGE_STANDARD = gnu17;
				LOCALIZATION_PREFERS_STRING_CATALOGS = YES;
				MACOSX_DEPLOYMENT_TARGET = 14.5;
				PRODUCT_NAME = "$(TARGET_NAME)";
				SWIFT_ACTIVE_COMPILATION_CONDITIONS = "DEBUG $(inherited)";
				SWIFT_OBJC_BRIDGING_HEADER = "SwiftTracer/external/tinyobj/SwiftTracer-Bridging-Header.h";
				SWIFT_VERSION = 5.0;
			};
			name = Debug;
		};
		1999D0B52C1797A000358201 /* Release */ = {
			isa = XCBuildConfiguration;
			buildSettings = {
				ASSETCATALOG_COMPILER_GENERATE_SWIFT_ASSET_SYMBOL_EXTENSIONS = YES;
				CODE_SIGN_STYLE = Automatic;
				DEAD_CODE_STRIPPING = YES;
				ENABLE_USER_SCRIPT_SANDBOXING = YES;
				GCC_C_LANGUAGE_STANDARD = gnu17;
				LOCALIZATION_PREFERS_STRING_CATALOGS = YES;
				MACOSX_DEPLOYMENT_TARGET = 14.5;
				PRODUCT_NAME = "$(TARGET_NAME)";
				SWIFT_OBJC_BRIDGING_HEADER = "SwiftTracer/external/tinyobj/SwiftTracer-Bridging-Header.h";
				SWIFT_VERSION = 5.0;
			};
			name = Release;
		};
		19BBA73D2BFD531B00981204 /* Debug */ = {
			isa = XCBuildConfiguration;
			buildSettings = {
				CODE_SIGN_STYLE = Automatic;
				CURRENT_PROJECT_VERSION = 1;
				DEAD_CODE_STRIPPING = YES;
				GENERATE_INFOPLIST_FILE = YES;
				MARKETING_VERSION = 1.0;
				PRODUCT_BUNDLE_IDENTIFIER = com.fbp.SwiftTracerTest;
				PRODUCT_NAME = "$(TARGET_NAME)";
				SDKROOT = macosx;
				SWIFT_EMIT_LOC_STRINGS = NO;
				SWIFT_VERSION = 5.0;
				TARGETED_DEVICE_FAMILY = 3;
				TVOS_DEPLOYMENT_TARGET = 16.1;
			};
			name = Debug;
		};
		19BBA73E2BFD531B00981204 /* Release */ = {
			isa = XCBuildConfiguration;
			buildSettings = {
				CODE_SIGN_STYLE = Automatic;
				CURRENT_PROJECT_VERSION = 1;
				DEAD_CODE_STRIPPING = YES;
				GENERATE_INFOPLIST_FILE = YES;
				MARKETING_VERSION = 1.0;
				PRODUCT_BUNDLE_IDENTIFIER = com.fbp.SwiftTracerTest;
				PRODUCT_NAME = "$(TARGET_NAME)";
				SDKROOT = macosx;
				SWIFT_EMIT_LOC_STRINGS = NO;
				SWIFT_VERSION = 5.0;
				TARGETED_DEVICE_FAMILY = 3;
				TVOS_DEPLOYMENT_TARGET = 16.1;
				VALIDATE_PRODUCT = YES;
			};
			name = Release;
		};
		19E808302B2B664400A37D37 /* Debug */ = {
			isa = XCBuildConfiguration;
			buildSettings = {
				ALWAYS_SEARCH_USER_PATHS = NO;
				CLANG_ANALYZER_NONNULL = YES;
				CLANG_ANALYZER_NUMBER_OBJECT_CONVERSION = YES_AGGRESSIVE;
				CLANG_CXX_LANGUAGE_STANDARD = "c++03";
				CLANG_ENABLE_MODULES = YES;
				CLANG_ENABLE_OBJC_ARC = YES;
				CLANG_ENABLE_OBJC_WEAK = YES;
				CLANG_WARN_BLOCK_CAPTURE_AUTORELEASING = YES;
				CLANG_WARN_BOOL_CONVERSION = YES;
				CLANG_WARN_COMMA = YES;
				CLANG_WARN_CONSTANT_CONVERSION = YES;
				CLANG_WARN_DEPRECATED_OBJC_IMPLEMENTATIONS = YES;
				CLANG_WARN_DIRECT_OBJC_ISA_USAGE = YES_ERROR;
				CLANG_WARN_DOCUMENTATION_COMMENTS = YES;
				CLANG_WARN_EMPTY_BODY = YES;
				CLANG_WARN_ENUM_CONVERSION = YES;
				CLANG_WARN_INFINITE_RECURSION = YES;
				CLANG_WARN_INT_CONVERSION = YES;
				CLANG_WARN_NON_LITERAL_NULL_CONVERSION = YES;
				CLANG_WARN_OBJC_IMPLICIT_RETAIN_SELF = YES;
				CLANG_WARN_OBJC_LITERAL_CONVERSION = YES;
				CLANG_WARN_OBJC_ROOT_CLASS = YES_ERROR;
				CLANG_WARN_QUOTED_INCLUDE_IN_FRAMEWORK_HEADER = YES;
				CLANG_WARN_RANGE_LOOP_ANALYSIS = YES;
				CLANG_WARN_STRICT_PROTOTYPES = YES;
				CLANG_WARN_SUSPICIOUS_MOVE = YES;
				CLANG_WARN_UNGUARDED_AVAILABILITY = YES_AGGRESSIVE;
				CLANG_WARN_UNREACHABLE_CODE = YES;
				CLANG_WARN__DUPLICATE_METHOD_MATCH = YES;
				COPY_PHASE_STRIP = NO;
				DEAD_CODE_STRIPPING = YES;
				DEBUG_INFORMATION_FORMAT = dwarf;
				EMBED_ASSET_PACKS_IN_PRODUCT_BUNDLE = NO;
				ENABLE_STRICT_OBJC_MSGSEND = YES;
				ENABLE_TESTABILITY = YES;
				GCC_C_LANGUAGE_STANDARD = gnu11;
				GCC_DYNAMIC_NO_PIC = NO;
				GCC_NO_COMMON_BLOCKS = YES;
				GCC_OPTIMIZATION_LEVEL = 0;
				GCC_PREPROCESSOR_DEFINITIONS = (
					"DEBUG=1",
					"$(inherited)",
				);
				GCC_WARN_64_TO_32_BIT_CONVERSION = YES;
				GCC_WARN_ABOUT_RETURN_TYPE = YES_ERROR;
				GCC_WARN_UNDECLARED_SELECTOR = YES;
				GCC_WARN_UNINITIALIZED_AUTOS = YES_AGGRESSIVE;
				GCC_WARN_UNUSED_FUNCTION = YES;
				GCC_WARN_UNUSED_VARIABLE = YES;
				MACOSX_DEPLOYMENT_TARGET = 13.0;
				MTL_ENABLE_DEBUG_INFO = INCLUDE_SOURCE;
				MTL_FAST_MATH = YES;
				ONLY_ACTIVE_ARCH = YES;
				SDKROOT = macosx;
				SWIFT_ACTIVE_COMPILATION_CONDITIONS = DEBUG;
				SWIFT_OBJC_INTEROP_MODE = objc;
				SWIFT_OPTIMIZATION_LEVEL = "-Onone";
			};
			name = Debug;
		};
		19E808312B2B664400A37D37 /* Release */ = {
			isa = XCBuildConfiguration;
			buildSettings = {
				ALWAYS_SEARCH_USER_PATHS = NO;
				CLANG_ANALYZER_NONNULL = YES;
				CLANG_ANALYZER_NUMBER_OBJECT_CONVERSION = YES_AGGRESSIVE;
				CLANG_CXX_LANGUAGE_STANDARD = "c++03";
				CLANG_ENABLE_MODULES = YES;
				CLANG_ENABLE_OBJC_ARC = YES;
				CLANG_ENABLE_OBJC_WEAK = YES;
				CLANG_WARN_BLOCK_CAPTURE_AUTORELEASING = YES;
				CLANG_WARN_BOOL_CONVERSION = YES;
				CLANG_WARN_COMMA = YES;
				CLANG_WARN_CONSTANT_CONVERSION = YES;
				CLANG_WARN_DEPRECATED_OBJC_IMPLEMENTATIONS = YES;
				CLANG_WARN_DIRECT_OBJC_ISA_USAGE = YES_ERROR;
				CLANG_WARN_DOCUMENTATION_COMMENTS = YES;
				CLANG_WARN_EMPTY_BODY = YES;
				CLANG_WARN_ENUM_CONVERSION = YES;
				CLANG_WARN_INFINITE_RECURSION = YES;
				CLANG_WARN_INT_CONVERSION = YES;
				CLANG_WARN_NON_LITERAL_NULL_CONVERSION = YES;
				CLANG_WARN_OBJC_IMPLICIT_RETAIN_SELF = YES;
				CLANG_WARN_OBJC_LITERAL_CONVERSION = YES;
				CLANG_WARN_OBJC_ROOT_CLASS = YES_ERROR;
				CLANG_WARN_QUOTED_INCLUDE_IN_FRAMEWORK_HEADER = YES;
				CLANG_WARN_RANGE_LOOP_ANALYSIS = YES;
				CLANG_WARN_STRICT_PROTOTYPES = YES;
				CLANG_WARN_SUSPICIOUS_MOVE = YES;
				CLANG_WARN_UNGUARDED_AVAILABILITY = YES_AGGRESSIVE;
				CLANG_WARN_UNREACHABLE_CODE = YES;
				CLANG_WARN__DUPLICATE_METHOD_MATCH = YES;
				COPY_PHASE_STRIP = NO;
				DEAD_CODE_STRIPPING = YES;
				DEBUG_INFORMATION_FORMAT = "dwarf-with-dsym";
				EMBED_ASSET_PACKS_IN_PRODUCT_BUNDLE = NO;
				ENABLE_NS_ASSERTIONS = NO;
				ENABLE_STRICT_OBJC_MSGSEND = YES;
				GCC_C_LANGUAGE_STANDARD = gnu11;
				GCC_NO_COMMON_BLOCKS = YES;
				GCC_OPTIMIZATION_LEVEL = 3;
				GCC_WARN_64_TO_32_BIT_CONVERSION = YES;
				GCC_WARN_ABOUT_RETURN_TYPE = YES_ERROR;
				GCC_WARN_UNDECLARED_SELECTOR = YES;
				GCC_WARN_UNINITIALIZED_AUTOS = YES_AGGRESSIVE;
				GCC_WARN_UNUSED_FUNCTION = YES;
				GCC_WARN_UNUSED_VARIABLE = YES;
				MACOSX_DEPLOYMENT_TARGET = 13.0;
				MTL_ENABLE_DEBUG_INFO = NO;
				MTL_FAST_MATH = YES;
				ONLY_ACTIVE_ARCH = YES;
				SDKROOT = macosx;
				SWIFT_COMPILATION_MODE = wholemodule;
				SWIFT_OBJC_INTEROP_MODE = objc;
				SWIFT_OPTIMIZATION_LEVEL = "-O";
			};
			name = Release;
		};
		19E808332B2B664400A37D37 /* Debug */ = {
			isa = XCBuildConfiguration;
			buildSettings = {
				CLANG_CXX_LANGUAGE_STANDARD = "c++03";
				CLANG_ENABLE_MODULES = YES;
				CODE_SIGN_STYLE = Automatic;
				DEAD_CODE_STRIPPING = YES;
				DEVELOPMENT_ASSET_PATHS = "";
				DOCC_EXTRACT_EXTENSION_SYMBOLS = YES;
				DOCC_HOSTING_BASE_PATH = SwiftTracer;
				PRODUCT_BUNDLE_IDENTIFIER = SwiftTracer;
				PRODUCT_NAME = "$(TARGET_NAME)";
				RUN_DOCUMENTATION_COMPILER = YES;
				SWIFT_OBJC_BRIDGING_HEADER = "";
				SWIFT_OBJC_INTEROP_MODE = objc;
				SWIFT_OPTIMIZATION_LEVEL = "-Onone";
				SWIFT_VERSION = 5.0;
			};
			name = Debug;
		};
		19E808342B2B664400A37D37 /* Release */ = {
			isa = XCBuildConfiguration;
			buildSettings = {
				CLANG_CXX_LANGUAGE_STANDARD = "c++03";
				CLANG_ENABLE_MODULES = YES;
				CODE_SIGN_STYLE = Automatic;
				DEAD_CODE_STRIPPING = YES;
				DEVELOPMENT_ASSET_PATHS = "";
				DOCC_EXTRACT_EXTENSION_SYMBOLS = YES;
				DOCC_HOSTING_BASE_PATH = SwiftTracer;
				PRODUCT_BUNDLE_IDENTIFIER = SwiftTracer;
				PRODUCT_NAME = "$(TARGET_NAME)";
				RUN_DOCUMENTATION_COMPILER = YES;
				SWIFT_OBJC_BRIDGING_HEADER = "";
				SWIFT_OBJC_INTEROP_MODE = objc;
				SWIFT_VERSION = 5.0;
			};
			name = Release;
		};
/* End XCBuildConfiguration section */

/* Begin XCConfigurationList section */
		1999D0B32C1797A000358201 /* Build configuration list for PBXNativeTarget "histogram" */ = {
			isa = XCConfigurationList;
			buildConfigurations = (
				1999D0B42C1797A000358201 /* Debug */,
				1999D0B52C1797A000358201 /* Release */,
			);
			defaultConfigurationIsVisible = 0;
			defaultConfigurationName = Release;
		};
		19BBA73C2BFD531B00981204 /* Build configuration list for PBXNativeTarget "SwiftTracerTest" */ = {
			isa = XCConfigurationList;
			buildConfigurations = (
				19BBA73D2BFD531B00981204 /* Debug */,
				19BBA73E2BFD531B00981204 /* Release */,
			);
			defaultConfigurationIsVisible = 0;
			defaultConfigurationName = Release;
		};
		19E808262B2B664400A37D37 /* Build configuration list for PBXProject "SwiftTracer" */ = {
			isa = XCConfigurationList;
			buildConfigurations = (
				19E808302B2B664400A37D37 /* Debug */,
				19E808312B2B664400A37D37 /* Release */,
			);
			defaultConfigurationIsVisible = 0;
			defaultConfigurationName = Release;
		};
		19E808322B2B664400A37D37 /* Build configuration list for PBXNativeTarget "SwiftTracer" */ = {
			isa = XCConfigurationList;
			buildConfigurations = (
				19E808332B2B664400A37D37 /* Debug */,
				19E808342B2B664400A37D37 /* Release */,
			);
			defaultConfigurationIsVisible = 0;
			defaultConfigurationName = Release;
		};
/* End XCConfigurationList section */

/* Begin XCRemoteSwiftPackageReference section */
		1944809D2CA8B0D5002A90C6 /* XCRemoteSwiftPackageReference "swift-algorithms" */ = {
			isa = XCRemoteSwiftPackageReference;
			repositoryURL = "https://github.com/apple/swift-algorithms.git";
			requirement = {
				kind = upToNextMajorVersion;
				minimumVersion = 1.2.0;
			};
		};
		19737CEB2C27445100F49204 /* XCRemoteSwiftPackageReference "SwiftWavefront" */ = {
			isa = XCRemoteSwiftPackageReference;
			repositoryURL = "https://github.com/Prismik/SwiftWavefront";
			requirement = {
				branch = main;
				kind = branch;
			};
		};
		1982F6B12C9B8757000FF286 /* XCRemoteSwiftPackageReference "swift-png" */ = {
			isa = XCRemoteSwiftPackageReference;
			repositoryURL = "git@github.com:tayloraswift/swift-png.git";
			requirement = {
				kind = upToNextMajorVersion;
				minimumVersion = 4.4.5;
			};
		};
		1999D07A2C1003A100358201 /* XCRemoteSwiftPackageReference "Progress" */ = {
			isa = XCRemoteSwiftPackageReference;
			repositoryURL = "https://github.com/jkandzi/Progress.swift";
			requirement = {
				kind = upToNextMajorVersion;
				minimumVersion = 0.4.0;
			};
		};
		19E808372B2B698900A37D37 /* XCRemoteSwiftPackageReference "swift-argument-parser" */ = {
			isa = XCRemoteSwiftPackageReference;
			repositoryURL = "https://github.com/apple/swift-argument-parser.git";
			requirement = {
				kind = upToNextMajorVersion;
				minimumVersion = 1.0.0;
			};
		};
/* End XCRemoteSwiftPackageReference section */

/* Begin XCSwiftPackageProductDependency section */
		1944809E2CA8B0D5002A90C6 /* Algorithms */ = {
			isa = XCSwiftPackageProductDependency;
			package = 1944809D2CA8B0D5002A90C6 /* XCRemoteSwiftPackageReference "swift-algorithms" */;
			productName = Algorithms;
		};
		194480C42CA8CA0C002A90C6 /* SwiftWavefront */ = {
			isa = XCSwiftPackageProductDependency;
			package = 19737CEB2C27445100F49204 /* XCRemoteSwiftPackageReference "SwiftWavefront" */;
			productName = SwiftWavefront;
		};
		194480C62CA8CA22002A90C6 /* Progress */ = {
			isa = XCSwiftPackageProductDependency;
			package = 1999D07A2C1003A100358201 /* XCRemoteSwiftPackageReference "Progress" */;
			productName = Progress;
		};
		194480C82CA8CA38002A90C6 /* Algorithms */ = {
			isa = XCSwiftPackageProductDependency;
			package = 1944809D2CA8B0D5002A90C6 /* XCRemoteSwiftPackageReference "swift-algorithms" */;
			productName = Algorithms;
		};
		19737CEC2C27457900F49204 /* SwiftWavefront */ = {
			isa = XCSwiftPackageProductDependency;
			package = 19737CEB2C27445100F49204 /* XCRemoteSwiftPackageReference "SwiftWavefront" */;
			productName = SwiftWavefront;
		};
		1982F6B22C9B8757000FF286 /* PNG */ = {
			isa = XCSwiftPackageProductDependency;
			package = 1982F6B12C9B8757000FF286 /* XCRemoteSwiftPackageReference "swift-png" */;
			productName = PNG;
		};
		1999D07B2C1003A100358201 /* Progress */ = {
			isa = XCSwiftPackageProductDependency;
			package = 1999D07A2C1003A100358201 /* XCRemoteSwiftPackageReference "Progress" */;
			productName = Progress;
		};
		1999D0D82C17AC2F00358201 /* Progress */ = {
			isa = XCSwiftPackageProductDependency;
			package = 1999D07A2C1003A100358201 /* XCRemoteSwiftPackageReference "Progress" */;
			productName = Progress;
		};
		19E808382B2B698900A37D37 /* ArgumentParser */ = {
			isa = XCSwiftPackageProductDependency;
			package = 19E808372B2B698900A37D37 /* XCRemoteSwiftPackageReference "swift-argument-parser" */;
			productName = ArgumentParser;
		};
/* End XCSwiftPackageProductDependency section */
	};
	rootObject = 19E808232B2B664400A37D37 /* Project object */;
}
