{
  "originHash" : "a4efae63937cb63e7065dc72b25efc41f2855ffa0c19ef8cd1d8586b12e18c68",
  "pins" : [
    {
      "identity" : "progress.swift",
      "kind" : "remoteSourceControl",
      "location" : "https://github.com/jkandzi/Progress.swift",
      "state" : {
        "revision" : "fed6598735d7982058690acf8f52a0a5fdaeb3e0",
        "version" : "0.4.0"
      }
    },
    {
      "identity" : "swift-argument-parser",
      "kind" : "remoteSourceControl",
      "location" : "https://github.com/apple/swift-argument-parser.git",
      "state" : {
        "revision" : "0fbc8848e389af3bb55c182bc19ca9d5dc2f255b",
        "version" : "1.4.0"
      }
    },
    {
      "identity" : "swift-hash",
      "kind" : "remoteSourceControl",
      "location" : "https://github.com/tayloraswift/swift-hash",
      "state" : {
        "revision" : "4d70a941b7039358f2ec8565f6c3b53c05f6c6ef",
        "version" : "0.6.3"
      }
    },
    {
      "identity" : "swift-png",
      "kind" : "remoteSourceControl",
      "location" : "git@github.com:tayloraswift/swift-png.git",
      "state" : {
        "revision" : "aff420495467463b43d42c58b4dbb29ab74f4ccb",
        "version" : "4.4.5"
      }
    },
    {
      "identity" : "swiftwavefront",
      "kind" : "remoteSourceControl",
      "location" : "https://github.com/Prismik/SwiftWavefront",
      "state" : {
        "branch" : "main",
        "revision" : "a354fdc9737b49ffa0fe4c6d1e0e87067384aaeb"
      }
    }
  ],
  "version" : 3
}
